<?xml version="1.0" encoding="utf-8"?>
<Project ToolsVersion="4.0" xmlns="http://schemas.microsoft.com/developer/msbuild/2003">
  <ItemGroup>
    <ClInclude Include="EnginePch.h">
      <Filter>Utils</Filter>
    </ClInclude>
    <ClInclude Include="pch.h">
      <Filter>Utils</Filter>
    </ClInclude>
    <ClInclude Include="SimpleMath.h">
      <Filter>Utils</Filter>
    </ClInclude>
    <ClInclude Include="Engine.h">
      <Filter>Engine</Filter>
    </ClInclude>
    <ClInclude Include="SwapChain.h">
      <Filter>Engine</Filter>
    </ClInclude>
    <ClInclude Include="Device.h">
      <Filter>Engine</Filter>
    </ClInclude>
    <ClInclude Include="Context.h">
      <Filter>Engine</Filter>
    </ClInclude>
    <ClInclude Include="RenderTargetGroup.h">
      <Filter>Engine</Filter>
    </ClInclude>
    <ClInclude Include="Texture.h">
      <Filter>Resource</Filter>
    </ClInclude>
    <ClInclude Include="Resources.h">
      <Filter>Manager</Filter>
    </ClInclude>
    <ClInclude Include="Object.h">
      <Filter>Object</Filter>
    </ClInclude>
    <ClInclude Include="GameObject.h">
      <Filter>Object</Filter>
    </ClInclude>
    <ClInclude Include="Component.h">
      <Filter>Object\Component</Filter>
    </ClInclude>
    <ClInclude Include="Transform.h">
      <Filter>Object\Component</Filter>
    </ClInclude>
    <ClInclude Include="Shader.h">
      <Filter>Resource</Filter>
    </ClInclude>
    <ClInclude Include="MeshRenderer.h">
      <Filter>Object\Component</Filter>
    </ClInclude>
    <ClInclude Include="Mesh.h">
      <Filter>Resource</Filter>
    </ClInclude>
    <ClInclude Include="Material.h">
      <Filter>Resource</Filter>
    </ClInclude>
    <ClInclude Include="Scenes.h">
      <Filter>Manager</Filter>
    </ClInclude>
    <ClInclude Include="Scene.h">
      <Filter>Scene</Filter>
    </ClInclude>
    <ClInclude Include="ConstantBuffer.h">
      <Filter>Engine</Filter>
    </ClInclude>
    <ClInclude Include="Camera.h">
      <Filter>Object\Component</Filter>
    </ClInclude>
    <ClInclude Include="Clock.h">
      <Filter>Manager</Filter>
    </ClInclude>
    <ClInclude Include="Input.h">
      <Filter>Manager</Filter>
    </ClInclude>
    <ClInclude Include="MonoBehaviour.h">
      <Filter>Object\Component</Filter>
    </ClInclude>
    <ClInclude Include="FilterShaders.h">
      <Filter>Utils</Filter>
    </ClInclude>
    <ClInclude Include="RigidBody.h">
      <Filter>Object\Component</Filter>
    </ClInclude>
    <ClInclude Include="ReportCallback.h">
      <Filter>Utils</Filter>
    </ClInclude>
    <ClInclude Include="Collider.h">
      <Filter>Object\Component</Filter>
    </ClInclude>
    <ClInclude Include="ContactCallback.h">
      <Filter>Object</Filter>
    </ClInclude>
    <ClInclude Include="Physical.h">
      <Filter>Object\Component</Filter>
    </ClInclude>
    <ClInclude Include="PhysicsProperties.h">
      <Filter>Resource</Filter>
    </ClInclude>
    <ClInclude Include="PxEnvironment.h">
      <Filter>Engine\Physics</Filter>
    </ClInclude>
    <ClInclude Include="Physics.h">
      <Filter>Engine\Physics</Filter>
    </ClInclude>
    <ClInclude Include="PxDispatcher.h">
      <Filter>Engine\Physics</Filter>
    </ClInclude>
    <ClInclude Include="CollisionManager.h">
      <Filter>Manager</Filter>
    </ClInclude>
    <ClInclude Include="PxEnvironmentSetting.h">
      <Filter>Engine\Physics</Filter>
    </ClInclude>
    <ClInclude Include="PhysicsScene.h">
      <Filter>Engine\Physics</Filter>
    </ClInclude>
    <ClInclude Include="EventManager.h">
      <Filter>Manager</Filter>
    </ClInclude>
    <ClInclude Include="Event.h">
      <Filter>Object\Event</Filter>
    </ClInclude>
    <ClInclude Include="SceneChangeEvent.h">
      <Filter>Object\Event</Filter>
    </ClInclude>
    <ClInclude Include="DebugRenderer.h">
      <Filter>Object\Component</Filter>
    </ClInclude>
    <ClInclude Include="Sequence.h">
      <Filter>Object\AI</Filter>
    </ClInclude>
    <ClInclude Include="BehaviorComposite.h">
      <Filter>Object\AI</Filter>
    </ClInclude>
    <ClInclude Include="BehaviorCondition.h">
      <Filter>Object\AI</Filter>
    </ClInclude>
    <ClInclude Include="BehaviorNode.h">
      <Filter>Object\AI</Filter>
    </ClInclude>
    <ClInclude Include="BehaviorTask.h">
      <Filter>Object\AI</Filter>
    </ClInclude>
    <ClInclude Include="Selector.h">
      <Filter>Object\AI</Filter>
    </ClInclude>
    <ClInclude Include="Utility.h">
      <Filter>Engine</Filter>
    </ClInclude>
    <ClInclude Include="ObjectAddedToSceneEvent.h">
      <Filter>Object\Event</Filter>
    </ClInclude>
    <ClInclude Include="Animator.h">
      <Filter>Object\Component</Filter>
    </ClInclude>
    <ClInclude Include="Animation.h">
      <Filter>Resource</Filter>
    </ClInclude>
    <ClInclude Include="PlayerChangeStateEvent.h">
      <Filter>Object\Event</Filter>
    </ClInclude>
    <ClInclude Include="EnumDefine.h">
      <Filter>Utils</Filter>
    </ClInclude>
    <ClInclude Include="InterfaceManager.h">
      <Filter>Manager</Filter>
    </ClInclude>
    <ClInclude Include="Movement.h">
      <Filter>Object\Component</Filter>
    </ClInclude>
    <ClInclude Include="Cemetery.h">
      <Filter>Manager</Filter>
    </ClInclude>
    <ClInclude Include="Light.h">
      <Filter>Object\Component</Filter>
    </ClInclude>
    <ClInclude Include="StructuredBuffer.h">
      <Filter>Engine</Filter>
    </ClInclude>
    <ClInclude Include="AI.h">
      <Filter>Object\Component</Filter>
    </ClInclude>
    <ClInclude Include="ObjectRemoveToSceneEvent.h">
      <Filter>Object\Event</Filter>
    </ClInclude>
    <ClInclude Include="ObjectFactory.h">
      <Filter>Manager</Filter>
    </ClInclude>
    <ClInclude Include="Frustum.h">
      <Filter>Object\Component</Filter>
    </ClInclude>
    <ClInclude Include="ObjectReturnToPoolEvent.h">
      <Filter>Object\Event</Filter>
    </ClInclude>
    <ClInclude Include="ForceOnObjectEvent.h">
      <Filter>Object\Event</Filter>
    </ClInclude>
    <ClInclude Include="ParticleSystem.h">
      <Filter>Object\Component</Filter>
    </ClInclude>
    <ClInclude Include="SceneFadeEvent.h">
      <Filter>Object\Event</Filter>
    </ClInclude>
    <ClInclude Include="IsDeadCondition.h">
      <Filter>Object\AI\MonsterAI\Condition</Filter>
    </ClInclude>
    <ClInclude Include="IsHitCondition.h">
      <Filter>Object\AI\MonsterAI\Condition</Filter>
    </ClInclude>
    <ClInclude Include="IsPlayerNearCondition.h">
      <Filter>Object\AI\MonsterAI\Condition</Filter>
    </ClInclude>
    <ClInclude Include="IsPlayerInAttackRangeCondition.h">
      <Filter>Object\AI\MonsterAI\Condition</Filter>
    </ClInclude>
    <ClInclude Include="PlayerHitTask.h">
      <Filter>Object\AI\MonsterAI\Task</Filter>
    </ClInclude>
    <ClInclude Include="PatrolTask.h">
      <Filter>Object\AI\MonsterAI\Task</Filter>
    </ClInclude>
    <ClInclude Include="DelayTask.h">
      <Filter>Object\AI\MonsterAI\Task</Filter>
    </ClInclude>
    <ClInclude Include="RemoveObjectTask.h">
      <Filter>Object\AI\MonsterAI\Task</Filter>
    </ClInclude>
    <ClInclude Include="RunAnimateTask.h">
      <Filter>Object\AI\MonsterAI\Task</Filter>
    </ClInclude>
    <ClInclude Include="FleeSequence.h">
      <Filter>Object\AI\MonsterAI\Sequence</Filter>
    </ClInclude>
    <ClInclude Include="PauseEvent.h">
      <Filter>Object\Event</Filter>
    </ClInclude>
    <ClInclude Include="PlayEvent.h">
      <Filter>Object\Event</Filter>
    </ClInclude>
    <ClInclude Include="FW1CompileSettings.h">
      <Filter>Engine\Font</Filter>
    </ClInclude>
    <ClInclude Include="FW1FontWrapper.h">
      <Filter>Engine\Font</Filter>
    </ClInclude>
    <ClInclude Include="FW1Precompiled.h">
      <Filter>Engine\Font</Filter>
    </ClInclude>
    <ClInclude Include="ObjectInfo.h">
      <Filter>Object</Filter>
    </ClInclude>
    <ClInclude Include="Font.h">
      <Filter>Engine\Font</Filter>
    </ClInclude>
    <ClInclude Include="GoToNextDungeonEvent.h">
      <Filter>Object\Event</Filter>
    </ClInclude>
    <ClInclude Include="IsMonsterStateCondition.h">
      <Filter>Object\AI\MonsterAI\Condition</Filter>
    </ClInclude>
    <ClInclude Include="TimerCondition.h">
      <Filter>Object\AI\MonsterAI\Condition</Filter>
    </ClInclude>
    <ClInclude Include="ChangeMonsterStateTask.h">
      <Filter>Object\AI\MonsterAI\Task</Filter>
    </ClInclude>
    <ClInclude Include="MonsterChangeStateEvent.h">
      <Filter>Object\Event</Filter>
    </ClInclude>
    <ClInclude Include="TrackingOfMeleeTask.h">
      <Filter>Object\AI\MonsterAI\Task</Filter>
    </ClInclude>
    <ClInclude Include="KnightAttackTask.h">
      <Filter>Object\AI\MonsterAI\Task</Filter>
    </ClInclude>
    <ClInclude Include="UnflagAsAttackedFlagTask.h">
      <Filter>Object\AI\MonsterAI\Task</Filter>
    </ClInclude>
    <ClInclude Include="DeadEventTriggerTask.h">
      <Filter>Object\AI\MonsterAI\Task</Filter>
    </ClInclude>
    <ClInclude Include="InfantryTackleTask.h">
      <Filter>Object\AI\MonsterAI\Task</Filter>
    </ClInclude>
    <ClInclude Include="SetDirectionTowardPlayerTask.h">
      <Filter>Object\AI\MonsterAI\Task</Filter>
    </ClInclude>
    <ClInclude Include="IsFinishedRageAttackCondition.h">
      <Filter>Object\AI\MonsterAI\Condition</Filter>
    </ClInclude>
    <ClInclude Include="IncreaseAttackCountTask.h">
      <Filter>Object\AI\MonsterAI\Task</Filter>
    </ClInclude>
    <ClInclude Include="RandomDirectionTask.h">
      <Filter>Object\AI\MonsterAI\Task</Filter>
    </ClInclude>
  </ItemGroup>
  <ItemGroup>
    <ClCompile Include="EnginePch.cpp">
      <Filter>Utils</Filter>
    </ClCompile>
    <ClCompile Include="pch.cpp">
      <Filter>Utils</Filter>
    </ClCompile>
    <ClCompile Include="SimpleMath.cpp">
      <Filter>Utils</Filter>
    </ClCompile>
    <ClCompile Include="Engine.cpp">
      <Filter>Engine</Filter>
    </ClCompile>
    <ClCompile Include="SwapChain.cpp">
      <Filter>Engine</Filter>
    </ClCompile>
    <ClCompile Include="Device.cpp">
      <Filter>Engine</Filter>
    </ClCompile>
    <ClCompile Include="Context.cpp">
      <Filter>Engine</Filter>
    </ClCompile>
    <ClCompile Include="RenderTargetGroup.cpp">
      <Filter>Engine</Filter>
    </ClCompile>
    <ClCompile Include="Texture.cpp">
      <Filter>Resource</Filter>
    </ClCompile>
    <ClCompile Include="Resources.cpp">
      <Filter>Manager</Filter>
    </ClCompile>
    <ClCompile Include="GameObject.cpp">
      <Filter>Object</Filter>
    </ClCompile>
    <ClCompile Include="Object.cpp">
      <Filter>Object</Filter>
    </ClCompile>
    <ClCompile Include="Component.cpp">
      <Filter>Object\Component</Filter>
    </ClCompile>
    <ClCompile Include="Transform.cpp">
      <Filter>Object\Component</Filter>
    </ClCompile>
    <ClCompile Include="Shader.cpp">
      <Filter>Resource</Filter>
    </ClCompile>
    <ClCompile Include="MeshRenderer.cpp">
      <Filter>Object\Component</Filter>
    </ClCompile>
    <ClCompile Include="Mesh.cpp">
      <Filter>Resource</Filter>
    </ClCompile>
    <ClCompile Include="Material.cpp">
      <Filter>Resource</Filter>
    </ClCompile>
    <ClCompile Include="Scenes.cpp">
      <Filter>Manager</Filter>
    </ClCompile>
    <ClCompile Include="Scene.cpp">
      <Filter>Scene</Filter>
    </ClCompile>
    <ClCompile Include="ConstantBuffer.cpp">
      <Filter>Engine</Filter>
    </ClCompile>
    <ClCompile Include="Camera.cpp">
      <Filter>Object\Component</Filter>
    </ClCompile>
    <ClCompile Include="Clock.cpp">
      <Filter>Manager</Filter>
    </ClCompile>
    <ClCompile Include="Input.cpp">
      <Filter>Manager</Filter>
    </ClCompile>
    <ClCompile Include="MonoBehaviour.cpp">
      <Filter>Object\Component</Filter>
    </ClCompile>
    <ClCompile Include="FilterShaders.cpp">
      <Filter>Utils</Filter>
    </ClCompile>
    <ClCompile Include="RigidBody.cpp">
      <Filter>Object\Component</Filter>
    </ClCompile>
    <ClCompile Include="ReportCallback.cpp">
      <Filter>Utils</Filter>
    </ClCompile>
    <ClCompile Include="Collider.cpp">
      <Filter>Object\Component</Filter>
    </ClCompile>
    <ClCompile Include="ContactCallback.cpp">
      <Filter>Object</Filter>
    </ClCompile>
    <ClCompile Include="Physical.cpp">
      <Filter>Object\Component</Filter>
    </ClCompile>
    <ClCompile Include="PhysicsProperties.cpp">
      <Filter>Resource</Filter>
    </ClCompile>
    <ClCompile Include="Physics.cpp">
      <Filter>Engine\Physics</Filter>
    </ClCompile>
    <ClCompile Include="PxDispatcher.cpp">
      <Filter>Engine\Physics</Filter>
    </ClCompile>
    <ClCompile Include="PxEnvironment.cpp">
      <Filter>Engine\Physics</Filter>
    </ClCompile>
    <ClCompile Include="CollisionManager.cpp">
      <Filter>Manager</Filter>
    </ClCompile>
    <ClCompile Include="PxEnvironmentSetting.cpp">
      <Filter>Engine\Physics</Filter>
    </ClCompile>
    <ClCompile Include="PhysicsScene.cpp">
      <Filter>Engine\Physics</Filter>
    </ClCompile>
    <ClCompile Include="EventManager.cpp">
      <Filter>Manager</Filter>
    </ClCompile>
    <ClCompile Include="Event.cpp">
      <Filter>Object\Event</Filter>
    </ClCompile>
    <ClCompile Include="SceneChangeEvent.cpp">
      <Filter>Object\Event</Filter>
    </ClCompile>
    <ClCompile Include="DebugRenderer.cpp">
      <Filter>Object\Component</Filter>
    </ClCompile>
    <ClCompile Include="BehaviorComposite.cpp">
      <Filter>Object\AI</Filter>
    </ClCompile>
    <ClCompile Include="BehaviorCondition.cpp">
      <Filter>Object\AI</Filter>
    </ClCompile>
    <ClCompile Include="BehaviorNode.cpp">
      <Filter>Object\AI</Filter>
    </ClCompile>
    <ClCompile Include="BehaviorTask.cpp">
      <Filter>Object\AI</Filter>
    </ClCompile>
    <ClCompile Include="Selector.cpp">
      <Filter>Object\AI</Filter>
    </ClCompile>
    <ClCompile Include="Sequence.cpp">
      <Filter>Object\AI</Filter>
    </ClCompile>
    <ClCompile Include="Utility.cpp">
      <Filter>Engine</Filter>
    </ClCompile>
    <ClCompile Include="ObjectAddedToSceneEvent.cpp">
      <Filter>Object\Event</Filter>
    </ClCompile>
    <ClCompile Include="Animator.cpp">
      <Filter>Object\Component</Filter>
    </ClCompile>
    <ClCompile Include="Animation.cpp">
      <Filter>Resource</Filter>
    </ClCompile>
    <ClCompile Include="PlayerChangeStateEvent.cpp">
      <Filter>Object\Event</Filter>
    </ClCompile>
    <ClCompile Include="InterfaceManager.cpp">
      <Filter>Manager</Filter>
    </ClCompile>
    <ClCompile Include="Movement.cpp">
      <Filter>Object\Component</Filter>
    </ClCompile>
    <ClCompile Include="Cemetery.cpp">
      <Filter>Manager</Filter>
    </ClCompile>
    <ClCompile Include="Light.cpp">
      <Filter>Object\Component</Filter>
    </ClCompile>
    <ClCompile Include="StructuredBuffer.cpp">
      <Filter>Engine</Filter>
    </ClCompile>
    <ClCompile Include="AI.cpp">
      <Filter>Object\Component</Filter>
    </ClCompile>
    <ClCompile Include="ObjectRemoveToSceneEvent.cpp">
      <Filter>Object\Event</Filter>
    </ClCompile>
    <ClCompile Include="ObjectFactory.cpp">
      <Filter>Manager</Filter>
    </ClCompile>
    <ClCompile Include="Frustum.cpp">
      <Filter>Object\Component</Filter>
    </ClCompile>
    <ClCompile Include="ObjectReturnToPoolEvent.cpp">
      <Filter>Object\Event</Filter>
    </ClCompile>
    <ClCompile Include="ForceOnObjectEvent.cpp">
      <Filter>Object\Event</Filter>
    </ClCompile>
    <ClCompile Include="ParticleSystem.cpp">
      <Filter>Object\Component</Filter>
    </ClCompile>
    <ClCompile Include="SceneFadeEvent.cpp">
      <Filter>Object\Event</Filter>
    </ClCompile>
    <ClCompile Include="IsDeadCondition.cpp">
      <Filter>Object\AI\MonsterAI\Condition</Filter>
    </ClCompile>
    <ClCompile Include="IsHitCondition.cpp">
      <Filter>Object\AI\MonsterAI\Condition</Filter>
    </ClCompile>
    <ClCompile Include="IsPlayerInAttackRangeCondition.cpp">
      <Filter>Object\AI\MonsterAI\Condition</Filter>
    </ClCompile>
    <ClCompile Include="IsPlayerNearCondition.cpp">
      <Filter>Object\AI\MonsterAI\Condition</Filter>
    </ClCompile>
    <ClCompile Include="PatrolTask.cpp">
      <Filter>Object\AI\MonsterAI\Task</Filter>
    </ClCompile>
    <ClCompile Include="PlayerHitTask.cpp">
      <Filter>Object\AI\MonsterAI\Task</Filter>
    </ClCompile>
    <ClCompile Include="DelayTask.cpp">
      <Filter>Object\AI\MonsterAI\Task</Filter>
    </ClCompile>
    <ClCompile Include="RemoveObjectTask.cpp">
      <Filter>Object\AI\MonsterAI\Task</Filter>
    </ClCompile>
    <ClCompile Include="RunAnimateTask.cpp">
      <Filter>Object\AI\MonsterAI\Task</Filter>
    </ClCompile>
    <ClCompile Include="FleeSequence.cpp">
      <Filter>Object\AI\MonsterAI\Sequence</Filter>
    </ClCompile>
    <ClCompile Include="PauseEvent.cpp">
      <Filter>Object\Event</Filter>
    </ClCompile>
    <ClCompile Include="PlayEvent.cpp">
      <Filter>Object\Event</Filter>
    </ClCompile>
    <ClCompile Include="ObjectInfo.cpp">
      <Filter>Object</Filter>
    </ClCompile>
    <ClCompile Include="Font.cpp">
      <Filter>Engine\Font</Filter>
    </ClCompile>
    <ClCompile Include="GoToNextDungeonEvent.cpp">
      <Filter>Object\Event</Filter>
    </ClCompile>
    <ClCompile Include="IsMonsterStateCondition.cpp">
      <Filter>Object\AI\MonsterAI\Condition</Filter>
    </ClCompile>
    <ClCompile Include="TimerCondition.cpp">
      <Filter>Object\AI\MonsterAI\Condition</Filter>
    </ClCompile>
    <ClCompile Include="ChangeMonsterStateTask.cpp">
      <Filter>Object\AI\MonsterAI\Task</Filter>
    </ClCompile>
    <ClCompile Include="MonsterChangeStateEvent.cpp">
      <Filter>Object\Event</Filter>
    </ClCompile>
    <ClCompile Include="TrackingOfMeleeTask.cpp">
      <Filter>Object\AI\MonsterAI\Task</Filter>
    </ClCompile>
    <ClCompile Include="KnightAttackTask.cpp">
      <Filter>Object\AI\MonsterAI\Task</Filter>
    </ClCompile>
    <ClCompile Include="UnflagAsAttackedFlagTask.cpp">
      <Filter>Object\AI\MonsterAI\Task</Filter>
    </ClCompile>
    <ClCompile Include="DeadEventTriggerTask.cpp">
      <Filter>Object\AI\MonsterAI\Task</Filter>
    </ClCompile>
    <ClCompile Include="InfantryTackleTask.cpp">
      <Filter>Object\AI\MonsterAI\Task</Filter>
    </ClCompile>
    <ClCompile Include="SetDirectionTowardPlayerTask.cpp">
      <Filter>Object\AI\MonsterAI\Task</Filter>
    </ClCompile>
    <ClCompile Include="IsFinishedRageAttackCondition.cpp">
      <Filter>Object\AI\MonsterAI\Condition</Filter>
    </ClCompile>
    <ClCompile Include="IncreaseAttackCountTask.cpp">
      <Filter>Object\AI\MonsterAI\Task</Filter>
    </ClCompile>
    <ClCompile Include="RandomDirectionTask.cpp">
      <Filter>Object\AI\MonsterAI\Task</Filter>
    </ClCompile>
  </ItemGroup>
  <ItemGroup>
    <Filter Include="Utils">
      <UniqueIdentifier>{89b1d6ef-08ae-44b9-bf5c-5d160f66ec4c}</UniqueIdentifier>
    </Filter>
    <Filter Include="Engine">
      <UniqueIdentifier>{455e8ff3-1a4b-40ac-905c-307ab215a0bd}</UniqueIdentifier>
    </Filter>
    <Filter Include="Resource">
      <UniqueIdentifier>{7cc1f700-d7d3-48b9-952e-19c6333f924e}</UniqueIdentifier>
    </Filter>
    <Filter Include="Object">
      <UniqueIdentifier>{3ce1e22d-d582-4c47-b470-fe12d7838ff6}</UniqueIdentifier>
    </Filter>
    <Filter Include="Object\Component">
      <UniqueIdentifier>{a7b1cbd5-baa2-410e-aa58-f765883a5f92}</UniqueIdentifier>
    </Filter>
    <Filter Include="Shader">
      <UniqueIdentifier>{8600a515-d548-4522-b8f1-721511772482}</UniqueIdentifier>
    </Filter>
    <Filter Include="Scene">
      <UniqueIdentifier>{382a1359-085a-4f02-b78f-da25d9d1a82d}</UniqueIdentifier>
    </Filter>
    <Filter Include="Engine\Physics">
      <UniqueIdentifier>{8ab04f7b-ff5b-42b7-bca2-7ac18cdbeeb1}</UniqueIdentifier>
    </Filter>
    <Filter Include="Object\Event">
      <UniqueIdentifier>{03c1fa0b-7f80-48cb-b00b-6702151bc0e8}</UniqueIdentifier>
    </Filter>
    <Filter Include="Object\AI">
      <UniqueIdentifier>{208c972e-e79e-40e9-9ed5-739836fb686c}</UniqueIdentifier>
    </Filter>
    <Filter Include="Manager">
      <UniqueIdentifier>{abffbd3c-ea98-4231-b801-ae8359b60f82}</UniqueIdentifier>
    </Filter>
    <Filter Include="Object\AI\MonsterAI">
      <UniqueIdentifier>{ce04da1d-7489-42af-bdb6-9f85824798c7}</UniqueIdentifier>
    </Filter>
    <Filter Include="Object\AI\MonsterAI\Task">
      <UniqueIdentifier>{417a6ae9-7cd0-4c1e-bb14-b30f1e951931}</UniqueIdentifier>
    </Filter>
    <Filter Include="Object\AI\MonsterAI\Condition">
      <UniqueIdentifier>{11b2e4ec-a2b8-4fbf-a0aa-a2faec69c97b}</UniqueIdentifier>
    </Filter>
    <Filter Include="Object\AI\MonsterAI\Sequence">
      <UniqueIdentifier>{4c11f716-4af5-49fa-9fa9-df2538c6869a}</UniqueIdentifier>
    </Filter>
    <Filter Include="Object\AI\MonsterAI\Selector">
      <UniqueIdentifier>{eb966714-3fcd-496e-8aeb-9fee161b78cd}</UniqueIdentifier>
    </Filter>
    <Filter Include="Engine\Font">
      <UniqueIdentifier>{d25d4582-9d2a-4b5e-afd7-fc9bb4e2cd82}</UniqueIdentifier>
    </Filter>
  </ItemGroup>
  <ItemGroup>
    <None Include="SimpleMath.inl">
      <Filter>Utils</Filter>
    </None>
  </ItemGroup>
  <ItemGroup>
    <FxCompile Include="..\Resources\Shader\forward.fx">
      <Filter>Shader</Filter>
    </FxCompile>
    <FxCompile Include="..\Resources\Shader\params.fx">
      <Filter>Shader</Filter>
    </FxCompile>
    <FxCompile Include="..\Resources\Shader\debug_geometry.fx">
      <Filter>Shader</Filter>
    </FxCompile>
    <FxCompile Include="..\Resources\Shader\preview.fx">
      <Filter>Shader</Filter>
    </FxCompile>
    <FxCompile Include="..\Resources\Shader\frame_divider.fx">
      <Filter>Shader</Filter>
    </FxCompile>
    <FxCompile Include="..\Resources\Shader\compute.fx">
      <Filter>Shader</Filter>
    </FxCompile>
    <FxCompile Include="..\Resources\Shader\fade_in_out.fx">
      <Filter>Shader</Filter>
    </FxCompile>
    <FxCompile Include="..\Resources\Shader\hp.fx">
      <Filter>Shader</Filter>
    </FxCompile>
    <FxCompile Include="..\Resources\Shader\afterimage.fx">
      <Filter>Shader</Filter>
    </FxCompile>
    <FxCompile Include="..\Resources\Shader\cooldown.fx">
      <Filter>Shader</Filter>
    </FxCompile>
    <FxCompile Include="..\Resources\Shader\deferred.fx">
      <Filter>Shader</Filter>
    </FxCompile>
    <FxCompile Include="..\Resources\Shader\final.fx">
      <Filter>Shader</Filter>
    </FxCompile>
    <FxCompile Include="..\Resources\Shader\effect.fx">
      <Filter>Shader</Filter>
    </FxCompile>
    <FxCompile Include="..\Resources\Shader\utils.fx">
      <Filter>Shader</Filter>
    </FxCompile>
    <FxCompile Include="..\Resources\Shader\lighting.fx">
      <Filter>Shader</Filter>
    </FxCompile>
    <FxCompile Include="..\Resources\Shader\monster_hp.fx">
      <Filter>Shader</Filter>
    </FxCompile>
    <FxCompile Include="..\Resources\Shader\particle.fx">
      <Filter>Shader</Filter>
    </FxCompile>
    <FxCompile Include="..\Resources\Shader\inventory_info.fx">
      <Filter>Shader</Filter>
    </FxCompile>
    <FxCompile Include="..\Resources\Shader\mirror.fx">
      <Filter>Shader</Filter>
    </FxCompile>
  </ItemGroup>
</Project>