<?xml version="1.0" encoding="utf-8"?>
<Project ToolsVersion="4.0" xmlns="http://schemas.microsoft.com/developer/msbuild/2003">
  <ItemGroup>
    <Filter Include="리소스 파일">
      <UniqueIdentifier>{67DA6AB6-F800-4c08-8B7A-83BB121AAD01}</UniqueIdentifier>
      <Extensions>rc;ico;cur;bmp;dlg;rc2;rct;bin;rgs;gif;jpg;jpeg;jpe;resx;tiff;tif;png;wav;mfcribbon-ms</Extensions>
    </Filter>
    <Filter Include="소스 파일">
      <UniqueIdentifier>{74deb548-b95c-4059-a708-5dce45e37c4d}</UniqueIdentifier>
    </Filter>
    <Filter Include="소스 파일\Game">
      <UniqueIdentifier>{11450fa2-33a6-4602-9483-b9190069a762}</UniqueIdentifier>
    </Filter>
    <Filter Include="소스 파일\Utils">
      <UniqueIdentifier>{ff56a9dd-28a7-4bef-a71c-866d873a6724}</UniqueIdentifier>
    </Filter>
    <Filter Include="소스 파일\Game\Scene">
      <UniqueIdentifier>{20fb7ebc-9d1d-4f04-9bb9-fba7e24ae311}</UniqueIdentifier>
    </Filter>
    <Filter Include="소스 파일\Game\Object">
      <UniqueIdentifier>{102fc9f4-62be-471f-9b0e-755463a34a10}</UniqueIdentifier>
    </Filter>
    <Filter Include="소스 파일\Game\Object\GameObject">
      <UniqueIdentifier>{a6950159-1aef-4acd-882c-89c931bb043c}</UniqueIdentifier>
    </Filter>
    <Filter Include="소스 파일\Game\Object\Script">
      <UniqueIdentifier>{ba2edadc-181c-4427-a7b0-2dcc6cfe595c}</UniqueIdentifier>
    </Filter>
    <Filter Include="소스 파일\Game\Object\Tile">
      <UniqueIdentifier>{92ba6b1f-d19e-4bfa-866e-9693c89ab4f1}</UniqueIdentifier>
    </Filter>
    <Filter Include="소스 파일\Game\Object\GameObject\Player">
      <UniqueIdentifier>{d32af7bc-5083-40f7-bd53-577b7c68ed1e}</UniqueIdentifier>
    </Filter>
    <Filter Include="소스 파일\Game\Object\GameObject\Player\PlayerState">
      <UniqueIdentifier>{29dc6bd7-ed44-4c33-994e-db3783573109}</UniqueIdentifier>
    </Filter>
    <Filter Include="소스 파일\Game\Object\GameObject\Monster">
      <UniqueIdentifier>{60e7220b-7105-43b7-a499-d256b2ce880f}</UniqueIdentifier>
    </Filter>
    <Filter Include="소스 파일\Game\Object\GameObject\NPC">
      <UniqueIdentifier>{1cb0ad20-7bc8-437e-9956-2390b27ed836}</UniqueIdentifier>
    </Filter>
    <Filter Include="소스 파일\Game\Object\GameObject\NPC\Witch">
      <UniqueIdentifier>{fc303369-8c48-4fc7-add8-538e5c5aa1ad}</UniqueIdentifier>
    </Filter>
    <Filter Include="소스 파일\Game\Object\GameObject\NPC\Wolf">
      <UniqueIdentifier>{25cc5e85-b53e-4ac6-b311-ebaf8d5a9db7}</UniqueIdentifier>
    </Filter>
    <Filter Include="소스 파일\Game\Object\GameObject\NPC\Wizard">
      <UniqueIdentifier>{23c026cc-b94a-487e-99e2-6e2cad1048df}</UniqueIdentifier>
    </Filter>
    <Filter Include="소스 파일\Game\Object\GameObject\NPC\Ogre">
      <UniqueIdentifier>{00d31e4f-11c8-423c-8940-933c3be5ad99}</UniqueIdentifier>
    </Filter>
    <Filter Include="소스 파일\Game\Object\Interface">
      <UniqueIdentifier>{179e66dc-56bf-461b-ab75-734e561369e3}</UniqueIdentifier>
    </Filter>
    <Filter Include="소스 파일\Game\Object\Interface\HUD">
      <UniqueIdentifier>{765e6938-0ce0-41fd-a279-5e650c757440}</UniqueIdentifier>
    </Filter>
    <Filter Include="소스 파일\Game\Object\Interface\UI">
      <UniqueIdentifier>{4c13a6af-7bda-4ff7-9d02-d64bf7fb6290}</UniqueIdentifier>
    </Filter>
    <Filter Include="소스 파일\Game\Object\Interface\HUD\PlayerHUD">
      <UniqueIdentifier>{5b020193-7e23-49ab-8859-bf7bfcb84664}</UniqueIdentifier>
    </Filter>
  </ItemGroup>
  <ItemGroup>
    <ClInclude Include="Application.h">
      <Filter>소스 파일\Game</Filter>
    </ClInclude>
    <ClInclude Include="Resource.h">
      <Filter>소스 파일\Utils</Filter>
    </ClInclude>
    <ClInclude Include="pch.h">
      <Filter>소스 파일\Utils</Filter>
    </ClInclude>
    <ClInclude Include="PlayerMoveScript.h">
      <Filter>소스 파일\Game\Object\Script</Filter>
    </ClInclude>
    <ClInclude Include="CameraMoveScript.h">
      <Filter>소스 파일\Game\Object\Script</Filter>
    </ClInclude>
    <ClInclude Include="CameraFadeInOutScript.h">
      <Filter>소스 파일\Game\Object\Script</Filter>
    </ClInclude>
    <ClInclude Include="TitleScene.h">
      <Filter>소스 파일\Game\Scene</Filter>
    </ClInclude>
    <ClInclude Include="TownScene.h">
      <Filter>소스 파일\Game\Scene</Filter>
    </ClInclude>
    <ClInclude Include="ToolScene.h">
      <Filter>소스 파일\Game\Scene</Filter>
    </ClInclude>
    <ClInclude Include="Tile.h">
      <Filter>소스 파일\Game\Object\Tile</Filter>
    </ClInclude>
    <ClInclude Include="PlayerState.h">
      <Filter>소스 파일\Game\Object\GameObject\Player\PlayerState</Filter>
    </ClInclude>
    <ClInclude Include="IdleState.h">
      <Filter>소스 파일\Game\Object\GameObject\Player\PlayerState</Filter>
    </ClInclude>
    <ClInclude Include="StateMachine.h">
      <Filter>소스 파일\Game\Object\GameObject\Player\PlayerState</Filter>
    </ClInclude>
    <ClInclude Include="WalkState.h">
      <Filter>소스 파일\Game\Object\GameObject\Player\PlayerState</Filter>
    </ClInclude>
    <ClInclude Include="JumpRiseState.h">
      <Filter>소스 파일\Game\Object\GameObject\Player\PlayerState</Filter>
    </ClInclude>
    <ClInclude Include="JumpFallState.h">
      <Filter>소스 파일\Game\Object\GameObject\Player\PlayerState</Filter>
    </ClInclude>
    <ClInclude Include="UI.h">
      <Filter>소스 파일\Game\Object\Interface\UI</Filter>
    </ClInclude>
    <ClInclude Include="ObjectFadeInOutScript.h">
      <Filter>소스 파일\Game\Object\Script</Filter>
    </ClInclude>
    <ClInclude Include="PlayerTrackingScript.h">
      <Filter>소스 파일\Game\Object\Script</Filter>
    </ClInclude>
    <ClInclude Include="Player.h">
      <Filter>소스 파일\Game\Object\GameObject\Player</Filter>
    </ClInclude>
    <ClInclude Include="Monster.h">
      <Filter>소스 파일\Game\Object\GameObject\Monster</Filter>
    </ClInclude>
    <ClInclude Include="NPC_Witch.h">
      <Filter>소스 파일\Game\Object\GameObject\NPC\Witch</Filter>
    </ClInclude>
    <ClInclude Include="NPC_Wolf.h">
      <Filter>소스 파일\Game\Object\GameObject\NPC\Wolf</Filter>
    </ClInclude>
    <ClInclude Include="NPC_Wizard.h">
      <Filter>소스 파일\Game\Object\GameObject\NPC\Wizard</Filter>
    </ClInclude>
    <ClInclude Include="NPC_Ogre.h">
      <Filter>소스 파일\Game\Object\GameObject\NPC\Ogre</Filter>
    </ClInclude>
    <ClInclude Include="HUD.h">
      <Filter>소스 파일\Game\Object\Interface\HUD</Filter>
    </ClInclude>
    <ClInclude Include="PlayerInterfaceHUD.h">
      <Filter>소스 파일\Game\Object\Interface\HUD\PlayerHUD</Filter>
    </ClInclude>
    <ClInclude Include="HealthBarHUD.h">
      <Filter>소스 파일\Game\Object\Interface\HUD\PlayerHUD</Filter>
    </ClInclude>
    <ClInclude Include="SkulHeadHUD.h">
      <Filter>소스 파일\Game\Object\Interface\HUD\PlayerHUD</Filter>
    </ClInclude>
    <ClInclude Include="PlayerHealthBarShowScript.h">
      <Filter>소스 파일\Game\Object\Script</Filter>
    </ClInclude>
  </ItemGroup>
  <ItemGroup>
    <ResourceCompile Include="Client.rc">
      <Filter>리소스 파일</Filter>
    </ResourceCompile>
  </ItemGroup>
  <ItemGroup>
    <Image Include="small.ico">
      <Filter>리소스 파일</Filter>
    </Image>
    <Image Include="Client.ico">
      <Filter>리소스 파일</Filter>
    </Image>
  </ItemGroup>
  <ItemGroup>
    <ClCompile Include="Application.cpp">
      <Filter>소스 파일\Game</Filter>
    </ClCompile>
    <ClCompile Include="Client.cpp">
      <Filter>소스 파일\Utils</Filter>
    </ClCompile>
    <ClCompile Include="pch.cpp">
      <Filter>소스 파일\Utils</Filter>
    </ClCompile>
    <ClCompile Include="PlayerMoveScript.cpp">
      <Filter>소스 파일\Game\Object\Script</Filter>
    </ClCompile>
    <ClCompile Include="CameraMoveScript.cpp">
      <Filter>소스 파일\Game\Object\Script</Filter>
    </ClCompile>
    <ClCompile Include="CameraFadeInOutScript.cpp">
      <Filter>소스 파일\Game\Object\Script</Filter>
    </ClCompile>
    <ClCompile Include="TitleScene.cpp">
      <Filter>소스 파일\Game\Scene</Filter>
    </ClCompile>
    <ClCompile Include="TownScene.cpp">
      <Filter>소스 파일\Game\Scene</Filter>
    </ClCompile>
    <ClCompile Include="ToolScene.cpp">
      <Filter>소스 파일\Game\Scene</Filter>
    </ClCompile>
    <ClCompile Include="Tile.cpp">
      <Filter>소스 파일\Game\Object\Tile</Filter>
    </ClCompile>
    <ClCompile Include="PlayerState.cpp">
      <Filter>소스 파일\Game\Object\GameObject\Player\PlayerState</Filter>
    </ClCompile>
    <ClCompile Include="IdleState.cpp">
      <Filter>소스 파일\Game\Object\GameObject\Player\PlayerState</Filter>
    </ClCompile>
    <ClCompile Include="StateMachine.cpp">
      <Filter>소스 파일\Game\Object\GameObject\Player\PlayerState</Filter>
    </ClCompile>
    <ClCompile Include="WalkState.cpp">
      <Filter>소스 파일\Game\Object\GameObject\Player\PlayerState</Filter>
    </ClCompile>
    <ClCompile Include="JumpRiseState.cpp">
      <Filter>소스 파일\Game\Object\GameObject\Player\PlayerState</Filter>
    </ClCompile>
    <ClCompile Include="JumpFallState.cpp">
      <Filter>소스 파일\Game\Object\GameObject\Player\PlayerState</Filter>
    </ClCompile>
    <ClCompile Include="UI.cpp">
      <Filter>소스 파일\Game\Object\Interface\UI</Filter>
    </ClCompile>
    <ClCompile Include="ObjectFadeInOutScript.cpp">
      <Filter>소스 파일\Game\Object\Script</Filter>
    </ClCompile>
    <ClCompile Include="PlayerTrackingScript.cpp">
      <Filter>소스 파일\Game\Object\Script</Filter>
    </ClCompile>
    <ClCompile Include="Player.cpp">
      <Filter>소스 파일\Game\Object\GameObject\Player</Filter>
    </ClCompile>
    <ClCompile Include="Monster.cpp">
      <Filter>소스 파일\Game\Object\GameObject\Monster</Filter>
    </ClCompile>
    <ClCompile Include="NPC_Witch.cpp">
      <Filter>소스 파일\Game\Object\GameObject\NPC\Witch</Filter>
    </ClCompile>
    <ClCompile Include="NPC_Wolf.cpp">
      <Filter>소스 파일\Game\Object\GameObject\NPC\Wolf</Filter>
    </ClCompile>
    <ClCompile Include="NPC_Wizard.cpp">
      <Filter>소스 파일\Game\Object\GameObject\NPC\Wizard</Filter>
    </ClCompile>
    <ClCompile Include="NPC_Ogre.cpp">
      <Filter>소스 파일\Game\Object\GameObject\NPC\Ogre</Filter>
    </ClCompile>
    <ClCompile Include="HUD.cpp">
      <Filter>소스 파일\Game\Object\Interface\HUD</Filter>
    </ClCompile>
    <ClCompile Include="PlayerInterfaceHUD.cpp">
      <Filter>소스 파일\Game\Object\Interface\HUD\PlayerHUD</Filter>
    </ClCompile>
    <ClCompile Include="HealthBarHUD.cpp">
      <Filter>소스 파일\Game\Object\Interface\HUD\PlayerHUD</Filter>
    </ClCompile>
    <ClCompile Include="SkulHeadHUD.cpp">
      <Filter>소스 파일\Game\Object\Interface\HUD\PlayerHUD</Filter>
    </ClCompile>
    <ClCompile Include="PlayerHealthBarShowScript.cpp">
      <Filter>소스 파일\Game\Object\Script</Filter>
    </ClCompile>
  </ItemGroup>
</Project>