<?xml version="1.0" encoding="utf-8"?>
<Project ToolsVersion="4.0" xmlns="http://schemas.microsoft.com/developer/msbuild/2003">
  <ItemGroup>
    <Filter Include="리소스 파일">
      <UniqueIdentifier>{67DA6AB6-F800-4c08-8B7A-83BB121AAD01}</UniqueIdentifier>
      <Extensions>rc;ico;cur;bmp;dlg;rc2;rct;bin;rgs;gif;jpg;jpeg;jpe;resx;tiff;tif;png;wav;mfcribbon-ms</Extensions>
    </Filter>
    <Filter Include="소스 파일">
      <UniqueIdentifier>{74deb548-b95c-4059-a708-5dce45e37c4d}</UniqueIdentifier>
    </Filter>
    <Filter Include="소스 파일\Game">
      <UniqueIdentifier>{11450fa2-33a6-4602-9483-b9190069a762}</UniqueIdentifier>
    </Filter>
    <Filter Include="소스 파일\Utils">
      <UniqueIdentifier>{ff56a9dd-28a7-4bef-a71c-866d873a6724}</UniqueIdentifier>
    </Filter>
    <Filter Include="소스 파일\Game\Scene">
      <UniqueIdentifier>{20fb7ebc-9d1d-4f04-9bb9-fba7e24ae311}</UniqueIdentifier>
    </Filter>
    <Filter Include="소스 파일\Game\Object">
      <UniqueIdentifier>{102fc9f4-62be-471f-9b0e-755463a34a10}</UniqueIdentifier>
    </Filter>
    <Filter Include="소스 파일\Game\Object\GameObject">
      <UniqueIdentifier>{a6950159-1aef-4acd-882c-89c931bb043c}</UniqueIdentifier>
    </Filter>
    <Filter Include="소스 파일\Game\Object\Script">
      <UniqueIdentifier>{ba2edadc-181c-4427-a7b0-2dcc6cfe595c}</UniqueIdentifier>
    </Filter>
    <Filter Include="소스 파일\Game\Object\Tile">
      <UniqueIdentifier>{92ba6b1f-d19e-4bfa-866e-9693c89ab4f1}</UniqueIdentifier>
    </Filter>
    <Filter Include="소스 파일\Game\Object\GameObject\Player">
      <UniqueIdentifier>{d32af7bc-5083-40f7-bd53-577b7c68ed1e}</UniqueIdentifier>
    </Filter>
    <Filter Include="소스 파일\Game\Object\GameObject\Player\PlayerState">
      <UniqueIdentifier>{29dc6bd7-ed44-4c33-994e-db3783573109}</UniqueIdentifier>
    </Filter>
    <Filter Include="소스 파일\Game\Object\GameObject\Monster">
      <UniqueIdentifier>{60e7220b-7105-43b7-a499-d256b2ce880f}</UniqueIdentifier>
    </Filter>
    <Filter Include="소스 파일\Game\Object\GameObject\NPC">
      <UniqueIdentifier>{1cb0ad20-7bc8-437e-9956-2390b27ed836}</UniqueIdentifier>
    </Filter>
    <Filter Include="소스 파일\Game\Object\GameObject\NPC\Witch">
      <UniqueIdentifier>{fc303369-8c48-4fc7-add8-538e5c5aa1ad}</UniqueIdentifier>
    </Filter>
    <Filter Include="소스 파일\Game\Object\GameObject\NPC\Wolf">
      <UniqueIdentifier>{25cc5e85-b53e-4ac6-b311-ebaf8d5a9db7}</UniqueIdentifier>
    </Filter>
    <Filter Include="소스 파일\Game\Object\GameObject\NPC\Wizard">
      <UniqueIdentifier>{23c026cc-b94a-487e-99e2-6e2cad1048df}</UniqueIdentifier>
    </Filter>
    <Filter Include="소스 파일\Game\Object\GameObject\NPC\Ogre">
      <UniqueIdentifier>{00d31e4f-11c8-423c-8940-933c3be5ad99}</UniqueIdentifier>
    </Filter>
    <Filter Include="소스 파일\Game\Object\Interface">
      <UniqueIdentifier>{179e66dc-56bf-461b-ab75-734e561369e3}</UniqueIdentifier>
    </Filter>
    <Filter Include="소스 파일\Game\Object\Interface\HUD">
      <UniqueIdentifier>{765e6938-0ce0-41fd-a279-5e650c757440}</UniqueIdentifier>
    </Filter>
    <Filter Include="소스 파일\Game\Object\Interface\UI">
      <UniqueIdentifier>{4c13a6af-7bda-4ff7-9d02-d64bf7fb6290}</UniqueIdentifier>
    </Filter>
    <Filter Include="소스 파일\Game\Object\Interface\HUD\PlayerHUD">
      <UniqueIdentifier>{5b020193-7e23-49ab-8859-bf7bfcb84664}</UniqueIdentifier>
    </Filter>
    <Filter Include="소스 파일\Game\Object\Interface\UI\DialogueUI">
      <UniqueIdentifier>{2a6933c7-74ea-47f0-8b41-af81ff389fdf}</UniqueIdentifier>
    </Filter>
    <Filter Include="소스 파일\Game\Object\GameObject\Player\Skul">
      <UniqueIdentifier>{66ca4511-7790-4a9b-ac02-a5c7d028dd64}</UniqueIdentifier>
    </Filter>
    <Filter Include="소스 파일\Game\Object\GameObject\Player\Skul\LittleBone">
      <UniqueIdentifier>{ea43a0d4-f0dd-436a-b9b2-6b192adf5223}</UniqueIdentifier>
    </Filter>
    <Filter Include="소스 파일\Game\Object\GameObject\Player\Skul\LittleBone\Skill">
      <UniqueIdentifier>{f30fc5b6-7698-4a8f-88b7-5d232659a4e3}</UniqueIdentifier>
    </Filter>
    <Filter Include="소스 파일\Game\Object\GameObject\Player\Skul\LittleBone\Script">
      <UniqueIdentifier>{0fbaf84f-6579-4ae6-aad3-e11c8da2af21}</UniqueIdentifier>
    </Filter>
    <Filter Include="소스 파일\Game\Object\GameObject\Player\Script">
      <UniqueIdentifier>{8fcc7b1f-a06f-4f69-abd4-c50430cd50ba}</UniqueIdentifier>
    </Filter>
    <Filter Include="소스 파일\Game\Object\GameObject\AfterImage">
      <UniqueIdentifier>{4fdb1f0b-0541-4f1f-a174-2074906fad54}</UniqueIdentifier>
    </Filter>
    <Filter Include="소스 파일\Game\Object\GameObject\AfterImage\Script">
      <UniqueIdentifier>{92e8da48-c419-4d3c-8622-c1110799d93c}</UniqueIdentifier>
    </Filter>
    <Filter Include="소스 파일\Game\Object\GameObject\Projectile">
      <UniqueIdentifier>{c143f685-c59e-49dc-a0f1-830d92c4bf1a}</UniqueIdentifier>
    </Filter>
    <Filter Include="소스 파일\Game\Object\GameObject\Effect">
      <UniqueIdentifier>{f96d1817-aa83-4019-bf20-af2d9ac12e5d}</UniqueIdentifier>
    </Filter>
    <Filter Include="소스 파일\Game\Object\GameObject\Player\Skul\HighWarlock">
      <UniqueIdentifier>{d0c6ae4c-7d14-404f-886e-899933cbecff}</UniqueIdentifier>
    </Filter>
    <Filter Include="소스 파일\Game\Object\GameObject\Player\Skul\HighWarlock\Skill">
      <UniqueIdentifier>{16d4f415-3df6-43d1-ba17-3d6a968824f9}</UniqueIdentifier>
    </Filter>
    <Filter Include="소스 파일\Game\Object\GameObject\Player\Skul\HighWarlock\Script">
      <UniqueIdentifier>{4b5f0fb2-f7a3-407c-90d8-3db889b5c965}</UniqueIdentifier>
    </Filter>
    <Filter Include="소스 파일\Game\Object\GameObject\Player\Skul\HighWarlock\Skill\AbyssMeteor">
      <UniqueIdentifier>{6157a338-8ad9-4734-9303-ae99c0ff51d2}</UniqueIdentifier>
    </Filter>
    <Filter Include="소스 파일\Game\Object\GameObject\Player\Skul\LittleBone\Attack">
      <UniqueIdentifier>{6f006bde-2a06-4b1d-9687-7dd67e5372db}</UniqueIdentifier>
    </Filter>
    <Filter Include="소스 파일\Game\Object\GameObject\Player\Skul\HighWarlock\Attack">
      <UniqueIdentifier>{336946de-4ccc-47f4-83dc-be35fbd9cdd3}</UniqueIdentifier>
    </Filter>
    <Filter Include="소스 파일\Game\Object\GameObject\Particle">
      <UniqueIdentifier>{01d2f7e7-8f25-49cb-be23-7ff086ca3363}</UniqueIdentifier>
    </Filter>
    <Filter Include="소스 파일\Game\Object\GameObject\Monster\MonsterHUD">
      <UniqueIdentifier>{8bdbf54c-8684-4827-b90e-bb51ad84520b}</UniqueIdentifier>
    </Filter>
    <Filter Include="소스 파일\Game\Object\GameObject\Monster\Script">
      <UniqueIdentifier>{9239000c-fc3a-4bb8-8936-67cba6b70782}</UniqueIdentifier>
    </Filter>
    <Filter Include="소스 파일\Game\Object\GameObject\EventObject">
      <UniqueIdentifier>{c9bd003f-ba8a-4b65-b438-617df9cd79a3}</UniqueIdentifier>
    </Filter>
    <Filter Include="소스 파일\Game\Object\GameObject\ComponentObject">
      <UniqueIdentifier>{3cc88e4b-2d43-4e08-8e3f-01a18e68bcda}</UniqueIdentifier>
    </Filter>
    <Filter Include="소스 파일\Game\Object\GameObject\Player\Possession">
      <UniqueIdentifier>{e5bc3dbb-198d-4798-9e93-3ec41f03004c}</UniqueIdentifier>
    </Filter>
    <Filter Include="소스 파일\Game\Object\Interface\UI\InventoryUI">
      <UniqueIdentifier>{7e1fce2c-d12e-4cda-b008-d388b45de230}</UniqueIdentifier>
    </Filter>
    <Filter Include="소스 파일\Game\Object\Interface\UI\InventoryUI\InfoUI">
      <UniqueIdentifier>{e1e3a8e7-1692-4e9a-ac9f-586f25bd3b27}</UniqueIdentifier>
    </Filter>
    <Filter Include="소스 파일\Game\Object\Interface\UI\InventoryUI\DetailUI">
      <UniqueIdentifier>{75b93267-80e4-4ca2-b3a7-a7a2b270c3b6}</UniqueIdentifier>
    </Filter>
    <Filter Include="소스 파일\Game\Object\Item">
      <UniqueIdentifier>{88aba77f-2d37-40a6-989e-52b152617c37}</UniqueIdentifier>
    </Filter>
    <Filter Include="소스 파일\Game\Object\Item\Engrave">
      <UniqueIdentifier>{d611ef2b-8080-4c3c-86f8-eb953d85e5a3}</UniqueIdentifier>
    </Filter>
    <Filter Include="소스 파일\Game\Object\Essence">
      <UniqueIdentifier>{692ba0ce-1e7d-44a8-ab56-c516e2743e51}</UniqueIdentifier>
    </Filter>
    <Filter Include="소스 파일\Game\Object\GameObject\Effect\Script">
      <UniqueIdentifier>{115e4f74-e242-47be-aae1-d9aebed95370}</UniqueIdentifier>
    </Filter>
    <Filter Include="소스 파일\Game\Object\GameObject\Background">
      <UniqueIdentifier>{6909d6bf-b05a-4e51-a9d8-4d8118fd6a84}</UniqueIdentifier>
    </Filter>
    <Filter Include="소스 파일\Game\Scene\Stage">
      <UniqueIdentifier>{df02e2ce-6846-4a30-ac1b-c4d9f2a9a95f}</UniqueIdentifier>
    </Filter>
    <Filter Include="소스 파일\Game\Scene\Stage\Dungeon">
      <UniqueIdentifier>{cb8248ba-a9be-4bc7-949c-8462bdbdd291}</UniqueIdentifier>
    </Filter>
    <Filter Include="소스 파일\Game\Object\GameObject\DungeonObject">
      <UniqueIdentifier>{a85ca2dc-322f-4c44-bdf1-4715fac8710a}</UniqueIdentifier>
    </Filter>
    <Filter Include="소스 파일\Game\Scene\Stage\Dungeon\DungeonEvent">
      <UniqueIdentifier>{46211728-bbbf-4e30-803f-0dd31cad32da}</UniqueIdentifier>
    </Filter>
    <Filter Include="소스 파일\Game\Scene\Stage\Dungeon\DungeonEvent\Condition">
      <UniqueIdentifier>{36447f4d-7a40-4a6a-9c8b-ad5f8d7777b9}</UniqueIdentifier>
    </Filter>
    <Filter Include="소스 파일\Game\Scene\Stage\Dungeon\Ch3">
      <UniqueIdentifier>{be270a70-17c9-4154-8e50-865206e2a129}</UniqueIdentifier>
    </Filter>
    <Filter Include="소스 파일\Game\Object\Interface\HUD\Dungeon">
      <UniqueIdentifier>{c84eb6a8-182e-4376-8e8e-326caf16b134}</UniqueIdentifier>
    </Filter>
    <Filter Include="소스 파일\Game\Object\GameObject\DecoObject">
      <UniqueIdentifier>{01feeed4-c265-4fc2-970e-02440ca56754}</UniqueIdentifier>
    </Filter>
    <Filter Include="소스 파일\Game\Object\GameObject\DecoObject\Script">
      <UniqueIdentifier>{f81ba1fc-9cd0-4ad7-bf9a-892ff5e6d7a0}</UniqueIdentifier>
    </Filter>
    <Filter Include="소스 파일\Game\Object\GameObject\MapReward">
      <UniqueIdentifier>{cf80bcc9-2548-46cb-ae85-e3fd66bfa4e9}</UniqueIdentifier>
    </Filter>
    <Filter Include="소스 파일\Game\Object\GameObject\DecoObject\LightDecoObject">
      <UniqueIdentifier>{4680aa26-8fe2-45d2-a958-6e447d822dd2}</UniqueIdentifier>
    </Filter>
    <Filter Include="소스 파일\Game\Object\GameObject\Player\Skul\HighWarlock\Skill\AbyssOrb">
      <UniqueIdentifier>{3c0ce26f-0b4f-493f-8fd3-8ddd8c8514be}</UniqueIdentifier>
    </Filter>
    <Filter Include="소스 파일\Game\Object\GameObject\Monster\ErodedKnight">
      <UniqueIdentifier>{a9aeeaa2-4fad-4d5b-ad9a-b3a7a077e10a}</UniqueIdentifier>
    </Filter>
    <Filter Include="소스 파일\Game\Object\GameObject\Monster\ErodedHeavyInfantry">
      <UniqueIdentifier>{9dd95fa5-18cd-40cb-8bce-d68998d4ddf1}</UniqueIdentifier>
    </Filter>
    <Filter Include="소스 파일\Game\Object\GameObject\Monster\ErodedEnt">
      <UniqueIdentifier>{06c867fa-f51e-479d-b59a-2be285d805fc}</UniqueIdentifier>
    </Filter>
    <Filter Include="소스 파일\Game\Object\GameObject\Monster\Alchemist">
      <UniqueIdentifier>{3a40485f-c868-41d7-81d4-9d7e9133c995}</UniqueIdentifier>
    </Filter>
    <Filter Include="소스 파일\Game\Object\GameObject\Monster\Projectile">
      <UniqueIdentifier>{d3b324f6-8a11-4194-9873-9cf1f1ad8df4}</UniqueIdentifier>
    </Filter>
    <Filter Include="소스 파일\Game\Object\GameObject\DropingRewards">
      <UniqueIdentifier>{c3d5095b-e8b2-4441-a9fe-265a09e49f68}</UniqueIdentifier>
    </Filter>
    <Filter Include="소스 파일\Game\Object\DropObject">
      <UniqueIdentifier>{0616cc6a-2b6a-4544-8891-1c2ef0fa9813}</UniqueIdentifier>
    </Filter>
  </ItemGroup>
  <ItemGroup>
    <ClInclude Include="Application.h">
      <Filter>소스 파일\Game</Filter>
    </ClInclude>
    <ClInclude Include="Resource.h">
      <Filter>소스 파일\Utils</Filter>
    </ClInclude>
    <ClInclude Include="pch.h">
      <Filter>소스 파일\Utils</Filter>
    </ClInclude>
    <ClInclude Include="CameraMoveScript.h">
      <Filter>소스 파일\Game\Object\Script</Filter>
    </ClInclude>
    <ClInclude Include="TitleScene.h">
      <Filter>소스 파일\Game\Scene</Filter>
    </ClInclude>
    <ClInclude Include="TownScene.h">
      <Filter>소스 파일\Game\Scene</Filter>
    </ClInclude>
    <ClInclude Include="ToolScene.h">
      <Filter>소스 파일\Game\Scene</Filter>
    </ClInclude>
    <ClInclude Include="Tile.h">
      <Filter>소스 파일\Game\Object\Tile</Filter>
    </ClInclude>
    <ClInclude Include="PlayerState.h">
      <Filter>소스 파일\Game\Object\GameObject\Player\PlayerState</Filter>
    </ClInclude>
    <ClInclude Include="IdleState.h">
      <Filter>소스 파일\Game\Object\GameObject\Player\PlayerState</Filter>
    </ClInclude>
    <ClInclude Include="WalkState.h">
      <Filter>소스 파일\Game\Object\GameObject\Player\PlayerState</Filter>
    </ClInclude>
    <ClInclude Include="JumpRiseState.h">
      <Filter>소스 파일\Game\Object\GameObject\Player\PlayerState</Filter>
    </ClInclude>
    <ClInclude Include="JumpFallState.h">
      <Filter>소스 파일\Game\Object\GameObject\Player\PlayerState</Filter>
    </ClInclude>
    <ClInclude Include="UI.h">
      <Filter>소스 파일\Game\Object\Interface\UI</Filter>
    </ClInclude>
    <ClInclude Include="ObjectFadeInOutScript.h">
      <Filter>소스 파일\Game\Object\Script</Filter>
    </ClInclude>
    <ClInclude Include="Player.h">
      <Filter>소스 파일\Game\Object\GameObject\Player</Filter>
    </ClInclude>
    <ClInclude Include="Monster.h">
      <Filter>소스 파일\Game\Object\GameObject\Monster</Filter>
    </ClInclude>
    <ClInclude Include="NPC_Witch.h">
      <Filter>소스 파일\Game\Object\GameObject\NPC\Witch</Filter>
    </ClInclude>
    <ClInclude Include="NPC_Wolf.h">
      <Filter>소스 파일\Game\Object\GameObject\NPC\Wolf</Filter>
    </ClInclude>
    <ClInclude Include="NPC_Wizard.h">
      <Filter>소스 파일\Game\Object\GameObject\NPC\Wizard</Filter>
    </ClInclude>
    <ClInclude Include="NPC_Ogre.h">
      <Filter>소스 파일\Game\Object\GameObject\NPC\Ogre</Filter>
    </ClInclude>
    <ClInclude Include="HUD.h">
      <Filter>소스 파일\Game\Object\Interface\HUD</Filter>
    </ClInclude>
    <ClInclude Include="PlayerInterfaceHUD.h">
      <Filter>소스 파일\Game\Object\Interface\HUD\PlayerHUD</Filter>
    </ClInclude>
    <ClInclude Include="HealthBarHUD.h">
      <Filter>소스 파일\Game\Object\Interface\HUD\PlayerHUD</Filter>
    </ClInclude>
    <ClInclude Include="SkulThumnailHUD.h">
      <Filter>소스 파일\Game\Object\Interface\HUD\PlayerHUD</Filter>
    </ClInclude>
    <ClInclude Include="DialogueUI.h">
      <Filter>소스 파일\Game\Object\Interface\UI\DialogueUI</Filter>
    </ClInclude>
    <ClInclude Include="JumpAttackState.h">
      <Filter>소스 파일\Game\Object\GameObject\Player\PlayerState</Filter>
    </ClInclude>
    <ClInclude Include="StateMachine.h">
      <Filter>소스 파일\Game\Object\GameObject\Player</Filter>
    </ClInclude>
    <ClInclude Include="DashState.h">
      <Filter>소스 파일\Game\Object\GameObject\Player\PlayerState</Filter>
    </ClInclude>
    <ClInclude Include="AfterImage.h">
      <Filter>소스 파일\Game\Object\GameObject\AfterImage</Filter>
    </ClInclude>
    <ClInclude Include="Skul.h">
      <Filter>소스 파일\Game\Object\GameObject\Player\Skul</Filter>
    </ClInclude>
    <ClInclude Include="LittleBone.h">
      <Filter>소스 파일\Game\Object\GameObject\Player\Skul\LittleBone</Filter>
    </ClInclude>
    <ClInclude Include="SkullThrowSkill.h">
      <Filter>소스 파일\Game\Object\GameObject\Player\Skul\LittleBone\Skill</Filter>
    </ClInclude>
    <ClInclude Include="SkillState.h">
      <Filter>소스 파일\Game\Object\GameObject\Player\PlayerState</Filter>
    </ClInclude>
    <ClInclude Include="SkulSkill.h">
      <Filter>소스 파일\Game\Object\GameObject\Player\Skul</Filter>
    </ClInclude>
    <ClInclude Include="SkillBoxHUD.h">
      <Filter>소스 파일\Game\Object\Interface\HUD\PlayerHUD</Filter>
    </ClInclude>
    <ClInclude Include="AfterImageDrawScript.h">
      <Filter>소스 파일\Game\Object\GameObject\AfterImage\Script</Filter>
    </ClInclude>
    <ClInclude Include="PlayerHealthBarShowScript.h">
      <Filter>소스 파일\Game\Object\GameObject\Player\Script</Filter>
    </ClInclude>
    <ClInclude Include="PlayerMoveScript.h">
      <Filter>소스 파일\Game\Object\GameObject\Player\Script</Filter>
    </ClInclude>
    <ClInclude Include="PlayerTrackingScript.h">
      <Filter>소스 파일\Game\Object\Script</Filter>
    </ClInclude>
    <ClInclude Include="PlayerSkillShowScript.h">
      <Filter>소스 파일\Game\Object\GameObject\Player\Script</Filter>
    </ClInclude>
    <ClInclude Include="PlayerProjectile.h">
      <Filter>소스 파일\Game\Object\GameObject\Projectile</Filter>
    </ClInclude>
    <ClInclude Include="RotateHeadScript.h">
      <Filter>소스 파일\Game\Object\GameObject\Player\Skul\LittleBone\Script</Filter>
    </ClInclude>
    <ClInclude Include="LittleBoneHead.h">
      <Filter>소스 파일\Game\Object\GameObject\Player\Skul\LittleBone</Filter>
    </ClInclude>
    <ClInclude Include="PathState.h">
      <Filter>소스 파일\Game\Object\GameObject\Player\PlayerState</Filter>
    </ClInclude>
    <ClInclude Include="GlobalEffectSettingScript.h">
      <Filter>소스 파일\Game\Object\Script</Filter>
    </ClInclude>
    <ClInclude Include="InterfaceEffect.h">
      <Filter>소스 파일\Game\Object\GameObject\Effect</Filter>
    </ClInclude>
    <ClInclude Include="GlobalEffect.h">
      <Filter>소스 파일\Game\Object\GameObject\Effect</Filter>
    </ClInclude>
    <ClInclude Include="HighWarlock.h">
      <Filter>소스 파일\Game\Object\GameObject\Player\Skul\HighWarlock</Filter>
    </ClInclude>
    <ClInclude Include="PlayerSkulThumnailScript.h">
      <Filter>소스 파일\Game\Object\GameObject\Player\Script</Filter>
    </ClInclude>
    <ClInclude Include="SwapState.h">
      <Filter>소스 파일\Game\Object\GameObject\Player\PlayerState</Filter>
    </ClInclude>
    <ClInclude Include="LittleBoneSwapSkill.h">
      <Filter>소스 파일\Game\Object\GameObject\Player\Skul\LittleBone\Skill</Filter>
    </ClInclude>
    <ClInclude Include="HighWarlockSwapSkill.h">
      <Filter>소스 파일\Game\Object\GameObject\Player\Skul\HighWarlock\Skill</Filter>
    </ClInclude>
    <ClInclude Include="Interface.h">
      <Filter>소스 파일\Game\Object\Interface</Filter>
    </ClInclude>
    <ClInclude Include="AbyssMeteor.h">
      <Filter>소스 파일\Game\Object\GameObject\Player\Skul\HighWarlock\Skill\AbyssMeteor</Filter>
    </ClInclude>
    <ClInclude Include="AbyssMeteorSkill.h">
      <Filter>소스 파일\Game\Object\GameObject\Player\Skul\HighWarlock\Skill\AbyssMeteor</Filter>
    </ClInclude>
    <ClInclude Include="ChargingState.h">
      <Filter>소스 파일\Game\Object\GameObject\Player\PlayerState</Filter>
    </ClInclude>
    <ClInclude Include="HighWarlockChargingScript.h">
      <Filter>소스 파일\Game\Object\GameObject\Player\Skul\HighWarlock\Script</Filter>
    </ClInclude>
    <ClInclude Include="JuniorKnight.h">
      <Filter>소스 파일\Game\Object\GameObject\Monster</Filter>
    </ClInclude>
    <ClInclude Include="AttackState.h">
      <Filter>소스 파일\Game\Object\GameObject\Player\PlayerState</Filter>
    </ClInclude>
    <ClInclude Include="SkulAttack.h">
      <Filter>소스 파일\Game\Object\GameObject\Player\Skul</Filter>
    </ClInclude>
    <ClInclude Include="LittleBoneAttack.h">
      <Filter>소스 파일\Game\Object\GameObject\Player\Skul\LittleBone\Attack</Filter>
    </ClInclude>
    <ClInclude Include="AnimationGlobalEffect.h">
      <Filter>소스 파일\Game\Object\GameObject\Effect</Filter>
    </ClInclude>
    <ClInclude Include="Particle.h">
      <Filter>소스 파일\Game\Object\GameObject\Particle</Filter>
    </ClInclude>
    <ClInclude Include="MonsterHUD.h">
      <Filter>소스 파일\Game\Object\GameObject\Monster\MonsterHUD</Filter>
    </ClInclude>
    <ClInclude Include="MonsterHPHUD.h">
      <Filter>소스 파일\Game\Object\GameObject\Monster\MonsterHUD</Filter>
    </ClInclude>
    <ClInclude Include="MonsterHealthBarShowScript.h">
      <Filter>소스 파일\Game\Object\GameObject\Monster\Script</Filter>
    </ClInclude>
    <ClInclude Include="AnimationLocalEffect.h">
      <Filter>소스 파일\Game\Object\GameObject\Effect</Filter>
    </ClInclude>
    <ClInclude Include="HighWarlockAttack.h">
      <Filter>소스 파일\Game\Object\GameObject\Player\Skul\HighWarlock\Attack</Filter>
    </ClInclude>
    <ClInclude Include="HighWarlockBaseProjectile.h">
      <Filter>소스 파일\Game\Object\GameObject\Player\Skul\HighWarlock\Attack</Filter>
    </ClInclude>
    <ClInclude Include="PlayerHitHUD.h">
      <Filter>소스 파일\Game\Object\Interface\HUD\PlayerHUD</Filter>
    </ClInclude>
    <ClInclude Include="EventObject.h">
      <Filter>소스 파일\Game\Object\GameObject\EventObject</Filter>
    </ClInclude>
    <ClInclude Include="SceneChangeEventObject.h">
      <Filter>소스 파일\Game\Object\GameObject\EventObject</Filter>
    </ClInclude>
    <ClInclude Include="DungeonScene.h">
      <Filter>소스 파일\Game\Scene</Filter>
    </ClInclude>
    <ClInclude Include="ComponentObject.h">
      <Filter>소스 파일\Game\Object\GameObject\ComponentObject</Filter>
    </ClInclude>
    <ClInclude Include="Possession.h">
      <Filter>소스 파일\Game\Object\GameObject\Player\Possession</Filter>
    </ClInclude>
    <ClInclude Include="InventoryUI.h">
      <Filter>소스 파일\Game\Object\Interface\UI\InventoryUI</Filter>
    </ClInclude>
    <ClInclude Include="PlayerFunctionScript.h">
      <Filter>소스 파일\Game\Object\GameObject\Player\Script</Filter>
    </ClInclude>
    <ClInclude Include="MousePointerHUD.h">
      <Filter>소스 파일\Game\Object\Interface\HUD</Filter>
    </ClInclude>
    <ClInclude Include="InfoUI.h">
      <Filter>소스 파일\Game\Object\Interface\UI\InventoryUI\InfoUI</Filter>
    </ClInclude>
    <ClInclude Include="EssenceInfoUI.h">
      <Filter>소스 파일\Game\Object\Interface\UI\InventoryUI\InfoUI</Filter>
    </ClInclude>
    <ClInclude Include="DarkAbilInfoUI.h">
      <Filter>소스 파일\Game\Object\Interface\UI\InventoryUI\InfoUI</Filter>
    </ClInclude>
    <ClInclude Include="ItemInfoUI.h">
      <Filter>소스 파일\Game\Object\Interface\UI\InventoryUI\InfoUI</Filter>
    </ClInclude>
    <ClInclude Include="SkulInfoUI.h">
      <Filter>소스 파일\Game\Object\Interface\UI\InventoryUI\InfoUI</Filter>
    </ClInclude>
    <ClInclude Include="DetailInfoUI.h">
      <Filter>소스 파일\Game\Object\Interface\UI\InventoryUI\DetailUI</Filter>
    </ClInclude>
    <ClInclude Include="Item.h">
      <Filter>소스 파일\Game\Object\Item</Filter>
    </ClInclude>
    <ClInclude Include="EvilSwordKirion.h">
      <Filter>소스 파일\Game\Object\Item</Filter>
    </ClInclude>
    <ClInclude Include="ForbiddenSword.h">
      <Filter>소스 파일\Game\Object\Item</Filter>
    </ClInclude>
    <ClInclude Include="Engrave.h">
      <Filter>소스 파일\Game\Object\Item\Engrave</Filter>
    </ClInclude>
    <ClInclude Include="Arms.h">
      <Filter>소스 파일\Game\Object\Item\Engrave</Filter>
    </ClInclude>
    <ClInclude Include="Rapidity.h">
      <Filter>소스 파일\Game\Object\Item\Engrave</Filter>
    </ClInclude>
    <ClInclude Include="Essence.h">
      <Filter>소스 파일\Game\Object\Essence</Filter>
    </ClInclude>
    <ClInclude Include="Lyweasel.h">
      <Filter>소스 파일\Game\Object\Essence</Filter>
    </ClInclude>
    <ClInclude Include="Wisp.h">
      <Filter>소스 파일\Game\Object\Essence</Filter>
    </ClInclude>
    <ClInclude Include="ObjectFollowScript.h">
      <Filter>소스 파일\Game\Object\GameObject\Effect\Script</Filter>
    </ClInclude>
    <ClInclude Include="Background.h">
      <Filter>소스 파일\Game\Object\GameObject\Background</Filter>
    </ClInclude>
    <ClInclude Include="BGCameraScript.h">
      <Filter>소스 파일\Game\Object\Script</Filter>
    </ClInclude>
    <ClInclude Include="Stage.h">
      <Filter>소스 파일\Game\Scene\Stage</Filter>
    </ClInclude>
    <ClInclude Include="Dungeon.h">
      <Filter>소스 파일\Game\Scene\Stage\Dungeon</Filter>
    </ClInclude>
    <ClInclude Include="BlackLab.h">
      <Filter>소스 파일\Game\Scene\Stage</Filter>
    </ClInclude>
    <ClInclude Include="CitadelOfFate.h">
      <Filter>소스 파일\Game\Scene\Stage</Filter>
    </ClInclude>
    <ClInclude Include="BaseCamp.h">
      <Filter>소스 파일\Game\Scene\Stage\Dungeon</Filter>
    </ClInclude>
    <ClInclude Include="DungeonGate.h">
      <Filter>소스 파일\Game\Object\GameObject\DungeonObject</Filter>
    </ClInclude>
    <ClInclude Include="DungeonEvent.h">
      <Filter>소스 파일\Game\Scene\Stage\Dungeon\DungeonEvent</Filter>
    </ClInclude>
    <ClInclude Include="ConditionBlock.h">
      <Filter>소스 파일\Game\Scene\Stage\Dungeon\DungeonEvent\Condition</Filter>
    </ClInclude>
    <ClInclude Include="MonsterSpawnDungeonEvent.h">
      <Filter>소스 파일\Game\Scene\Stage\Dungeon\DungeonEvent</Filter>
    </ClInclude>
    <ClInclude Include="IfAllDeadMonsterInDungeon.h">
      <Filter>소스 파일\Game\Scene\Stage\Dungeon\DungeonEvent\Condition</Filter>
    </ClInclude>
    <ClInclude Include="Dungeon_Bone.h">
      <Filter>소스 파일\Game\Scene\Stage\Dungeon</Filter>
    </ClInclude>
    <ClInclude Include="IfAlwaysTrue.h">
      <Filter>소스 파일\Game\Scene\Stage\Dungeon\DungeonEvent\Condition</Filter>
    </ClInclude>
    <ClInclude Include="PlayerTeleportEvent.h">
      <Filter>소스 파일\Game\Scene\Stage\Dungeon\DungeonEvent</Filter>
    </ClInclude>
    <ClInclude Include="Ch3BaseCamp.h">
      <Filter>소스 파일\Game\Scene\Stage\Dungeon\Ch3</Filter>
    </ClInclude>
    <ClInclude Include="BaseCampOpeningHUD.h">
      <Filter>소스 파일\Game\Object\Interface\HUD\Dungeon</Filter>
    </ClInclude>
    <ClInclude Include="DarkMirror.h">
      <Filter>소스 파일\Game\Object\GameObject\DecoObject</Filter>
    </ClInclude>
    <ClInclude Include="DarkMirrorReflectionScript.h">
      <Filter>소스 파일\Game\Object\GameObject\DecoObject\Script</Filter>
    </ClInclude>
    <ClInclude Include="DecoObject.h">
      <Filter>소스 파일\Game\Object\GameObject\DecoObject</Filter>
    </ClInclude>
    <ClInclude Include="Ch3BeginTower.h">
      <Filter>소스 파일\Game\Object\GameObject\DecoObject</Filter>
    </ClInclude>
    <ClInclude Include="IfPlayerPosXExceedsN.h">
      <Filter>소스 파일\Game\Scene\Stage\Dungeon\DungeonEvent\Condition</Filter>
    </ClInclude>
    <ClInclude Include="DungeonGateOpenEvent.h">
      <Filter>소스 파일\Game\Scene\Stage\Dungeon\DungeonEvent</Filter>
    </ClInclude>
    <ClInclude Include="Dungeon_Item.h">
      <Filter>소스 파일\Game\Scene\Stage\Dungeon</Filter>
    </ClInclude>
    <ClInclude Include="KirionDashSlashEffect.h">
      <Filter>소스 파일\Game\Object\GameObject\Effect</Filter>
    </ClInclude>
    <ClInclude Include="LocalEffect.h">
      <Filter>소스 파일\Game\Object\GameObject\Effect</Filter>
    </ClInclude>
    <ClInclude Include="DungeonWall.h">
      <Filter>소스 파일\Game\Object\GameObject\DungeonObject</Filter>
    </ClInclude>
    <ClInclude Include="IfTakedMapReward.h">
      <Filter>소스 파일\Game\Scene\Stage\Dungeon\DungeonEvent\Condition</Filter>
    </ClInclude>
    <ClInclude Include="CreateMapRewardEvent.h">
      <Filter>소스 파일\Game\Scene\Stage\Dungeon\DungeonEvent</Filter>
    </ClInclude>
    <ClInclude Include="MapReward.h">
      <Filter>소스 파일\Game\Object\GameObject\MapReward</Filter>
    </ClInclude>
    <ClInclude Include="TreasureBox.h">
      <Filter>소스 파일\Game\Object\GameObject\MapReward</Filter>
    </ClInclude>
    <ClInclude Include="BoneReward.h">
      <Filter>소스 파일\Game\Object\GameObject\MapReward</Filter>
    </ClInclude>
    <ClInclude Include="LightObject.h">
      <Filter>소스 파일\Game\Object\GameObject\DecoObject\LightDecoObject</Filter>
    </ClInclude>
    <ClInclude Include="PlayerSecondSkillFrameHUD.h">
      <Filter>소스 파일\Game\Object\Interface\HUD\PlayerHUD</Filter>
    </ClInclude>
    <ClInclude Include="AnimationLocalEffectOtherLayer.h">
      <Filter>소스 파일\Game\Object\GameObject\Effect</Filter>
    </ClInclude>
    <ClInclude Include="AbyssOrbSkill.h">
      <Filter>소스 파일\Game\Object\GameObject\Player\Skul\HighWarlock\Skill\AbyssOrb</Filter>
    </ClInclude>
    <ClInclude Include="AbyssOrb.h">
      <Filter>소스 파일\Game\Object\GameObject\Player\Skul\HighWarlock\Skill\AbyssOrb</Filter>
    </ClInclude>
    <ClInclude Include="ErodedKnight.h">
      <Filter>소스 파일\Game\Object\GameObject\Monster\ErodedKnight</Filter>
    </ClInclude>
    <ClInclude Include="ErodedKnightDeadScript.h">
      <Filter>소스 파일\Game\Object\GameObject\Monster\ErodedKnight</Filter>
    </ClInclude>
    <ClInclude Include="ErodedHeavyInfantry.h">
      <Filter>소스 파일\Game\Object\GameObject\Monster\ErodedHeavyInfantry</Filter>
    </ClInclude>
    <ClInclude Include="ErodedEnt.h">
      <Filter>소스 파일\Game\Object\GameObject\Monster\ErodedEnt</Filter>
    </ClInclude>
    <ClInclude Include="ErodedHeavyInfantryTackleScript.h">
      <Filter>소스 파일\Game\Object\GameObject\Monster\ErodedHeavyInfantry</Filter>
    </ClInclude>
    <ClInclude Include="ErodedHeavyInfantryAttackScript.h">
      <Filter>소스 파일\Game\Object\GameObject\Monster\ErodedHeavyInfantry</Filter>
    </ClInclude>
    <ClInclude Include="ErodedHeavyInfantryDeadScript.h">
      <Filter>소스 파일\Game\Object\GameObject\Monster\ErodedHeavyInfantry</Filter>
    </ClInclude>
    <ClInclude Include="ErodedEntSkillScript.h">
      <Filter>소스 파일\Game\Object\GameObject\Monster\ErodedEnt</Filter>
    </ClInclude>
    <ClInclude Include="Alchemist.h">
      <Filter>소스 파일\Game\Object\GameObject\Monster\Alchemist</Filter>
    </ClInclude>
    <ClInclude Include="AlchemistFlaskThrowScript.h">
      <Filter>소스 파일\Game\Object\GameObject\Monster\Alchemist</Filter>
    </ClInclude>
    <ClInclude Include="MonsterProjectile.h">
      <Filter>소스 파일\Game\Object\GameObject\Monster\Projectile</Filter>
    </ClInclude>
    <ClInclude Include="AlchemistFlask.h">
      <Filter>소스 파일\Game\Object\GameObject\Monster\Alchemist</Filter>
    </ClInclude>
    <ClInclude Include="BackgroundMoveScript.h">
      <Filter>소스 파일\Game\Object\GameObject\Background</Filter>
    </ClInclude>
    <ClInclude Include="DropingRewards.h">
      <Filter>소스 파일\Game\Object\GameObject\DropingRewards</Filter>
    </ClInclude>
    <ClInclude Include="ErodedEntDeadScript.h">
      <Filter>소스 파일\Game\Object\GameObject\Monster\ErodedEnt</Filter>
    </ClInclude>
    <ClInclude Include="ErodedEntAttackScript.h">
      <Filter>소스 파일\Game\Object\GameObject\Monster\ErodedEnt</Filter>
    </ClInclude>
    <ClInclude Include="DropEssence.h">
      <Filter>소스 파일\Game\Object\DropObject</Filter>
    </ClInclude>
    <ClInclude Include="DropSkul.h">
      <Filter>소스 파일\Game\Object\DropObject</Filter>
    </ClInclude>
    <ClInclude Include="DropItem.h">
      <Filter>소스 파일\Game\Object\DropObject</Filter>
    </ClInclude>
  </ItemGroup>
  <ItemGroup>
    <ResourceCompile Include="Client.rc">
      <Filter>리소스 파일</Filter>
    </ResourceCompile>
  </ItemGroup>
  <ItemGroup>
    <Image Include="small.ico">
      <Filter>리소스 파일</Filter>
    </Image>
    <Image Include="Client.ico">
      <Filter>리소스 파일</Filter>
    </Image>
  </ItemGroup>
  <ItemGroup>
    <ClCompile Include="Application.cpp">
      <Filter>소스 파일\Game</Filter>
    </ClCompile>
    <ClCompile Include="Client.cpp">
      <Filter>소스 파일\Utils</Filter>
    </ClCompile>
    <ClCompile Include="pch.cpp">
      <Filter>소스 파일\Utils</Filter>
    </ClCompile>
    <ClCompile Include="CameraMoveScript.cpp">
      <Filter>소스 파일\Game\Object\Script</Filter>
    </ClCompile>
    <ClCompile Include="TitleScene.cpp">
      <Filter>소스 파일\Game\Scene</Filter>
    </ClCompile>
    <ClCompile Include="TownScene.cpp">
      <Filter>소스 파일\Game\Scene</Filter>
    </ClCompile>
    <ClCompile Include="ToolScene.cpp">
      <Filter>소스 파일\Game\Scene</Filter>
    </ClCompile>
    <ClCompile Include="Tile.cpp">
      <Filter>소스 파일\Game\Object\Tile</Filter>
    </ClCompile>
    <ClCompile Include="PlayerState.cpp">
      <Filter>소스 파일\Game\Object\GameObject\Player\PlayerState</Filter>
    </ClCompile>
    <ClCompile Include="IdleState.cpp">
      <Filter>소스 파일\Game\Object\GameObject\Player\PlayerState</Filter>
    </ClCompile>
    <ClCompile Include="WalkState.cpp">
      <Filter>소스 파일\Game\Object\GameObject\Player\PlayerState</Filter>
    </ClCompile>
    <ClCompile Include="JumpRiseState.cpp">
      <Filter>소스 파일\Game\Object\GameObject\Player\PlayerState</Filter>
    </ClCompile>
    <ClCompile Include="JumpFallState.cpp">
      <Filter>소스 파일\Game\Object\GameObject\Player\PlayerState</Filter>
    </ClCompile>
    <ClCompile Include="UI.cpp">
      <Filter>소스 파일\Game\Object\Interface\UI</Filter>
    </ClCompile>
    <ClCompile Include="ObjectFadeInOutScript.cpp">
      <Filter>소스 파일\Game\Object\Script</Filter>
    </ClCompile>
    <ClCompile Include="Player.cpp">
      <Filter>소스 파일\Game\Object\GameObject\Player</Filter>
    </ClCompile>
    <ClCompile Include="Monster.cpp">
      <Filter>소스 파일\Game\Object\GameObject\Monster</Filter>
    </ClCompile>
    <ClCompile Include="NPC_Witch.cpp">
      <Filter>소스 파일\Game\Object\GameObject\NPC\Witch</Filter>
    </ClCompile>
    <ClCompile Include="NPC_Wolf.cpp">
      <Filter>소스 파일\Game\Object\GameObject\NPC\Wolf</Filter>
    </ClCompile>
    <ClCompile Include="NPC_Wizard.cpp">
      <Filter>소스 파일\Game\Object\GameObject\NPC\Wizard</Filter>
    </ClCompile>
    <ClCompile Include="NPC_Ogre.cpp">
      <Filter>소스 파일\Game\Object\GameObject\NPC\Ogre</Filter>
    </ClCompile>
    <ClCompile Include="HUD.cpp">
      <Filter>소스 파일\Game\Object\Interface\HUD</Filter>
    </ClCompile>
    <ClCompile Include="PlayerInterfaceHUD.cpp">
      <Filter>소스 파일\Game\Object\Interface\HUD\PlayerHUD</Filter>
    </ClCompile>
    <ClCompile Include="HealthBarHUD.cpp">
      <Filter>소스 파일\Game\Object\Interface\HUD\PlayerHUD</Filter>
    </ClCompile>
    <ClCompile Include="SkulThumnailHUD.cpp">
      <Filter>소스 파일\Game\Object\Interface\HUD\PlayerHUD</Filter>
    </ClCompile>
    <ClCompile Include="DialogueUI.cpp">
      <Filter>소스 파일\Game\Object\Interface\UI\DialogueUI</Filter>
    </ClCompile>
    <ClCompile Include="JumpAttackState.cpp">
      <Filter>소스 파일\Game\Object\GameObject\Player\PlayerState</Filter>
    </ClCompile>
    <ClCompile Include="StateMachine.cpp">
      <Filter>소스 파일\Game\Object\GameObject\Player</Filter>
    </ClCompile>
    <ClCompile Include="DashState.cpp">
      <Filter>소스 파일\Game\Object\GameObject\Player\PlayerState</Filter>
    </ClCompile>
    <ClCompile Include="AfterImage.cpp">
      <Filter>소스 파일\Game\Object\GameObject\AfterImage</Filter>
    </ClCompile>
    <ClCompile Include="Skul.cpp">
      <Filter>소스 파일\Game\Object\GameObject\Player\Skul</Filter>
    </ClCompile>
    <ClCompile Include="LittleBone.cpp">
      <Filter>소스 파일\Game\Object\GameObject\Player\Skul\LittleBone</Filter>
    </ClCompile>
    <ClCompile Include="SkullThrowSkill.cpp">
      <Filter>소스 파일\Game\Object\GameObject\Player\Skul\LittleBone\Skill</Filter>
    </ClCompile>
    <ClCompile Include="SkillState.cpp">
      <Filter>소스 파일\Game\Object\GameObject\Player\PlayerState</Filter>
    </ClCompile>
    <ClCompile Include="SkulSkill.cpp">
      <Filter>소스 파일\Game\Object\GameObject\Player\Skul</Filter>
    </ClCompile>
    <ClCompile Include="SkillBoxHUD.cpp">
      <Filter>소스 파일\Game\Object\Interface\HUD\PlayerHUD</Filter>
    </ClCompile>
    <ClCompile Include="AfterImageDrawScript.cpp">
      <Filter>소스 파일\Game\Object\GameObject\AfterImage\Script</Filter>
    </ClCompile>
    <ClCompile Include="PlayerHealthBarShowScript.cpp">
      <Filter>소스 파일\Game\Object\GameObject\Player\Script</Filter>
    </ClCompile>
    <ClCompile Include="PlayerMoveScript.cpp">
      <Filter>소스 파일\Game\Object\GameObject\Player\Script</Filter>
    </ClCompile>
    <ClCompile Include="PlayerTrackingScript.cpp">
      <Filter>소스 파일\Game\Object\Script</Filter>
    </ClCompile>
    <ClCompile Include="PlayerSkillShowScript.cpp">
      <Filter>소스 파일\Game\Object\GameObject\Player\Script</Filter>
    </ClCompile>
    <ClCompile Include="PlayerProjectile.cpp">
      <Filter>소스 파일\Game\Object\GameObject\Projectile</Filter>
    </ClCompile>
    <ClCompile Include="RotateHeadScript.cpp">
      <Filter>소스 파일\Game\Object\GameObject\Player\Skul\LittleBone\Script</Filter>
    </ClCompile>
    <ClCompile Include="LittleBoneHead.cpp">
      <Filter>소스 파일\Game\Object\GameObject\Player\Skul\LittleBone</Filter>
    </ClCompile>
    <ClCompile Include="PathState.cpp">
      <Filter>소스 파일\Game\Object\GameObject\Player\PlayerState</Filter>
    </ClCompile>
    <ClCompile Include="GlobalEffectSettingScript.cpp">
      <Filter>소스 파일\Game\Object\Script</Filter>
    </ClCompile>
    <ClCompile Include="InterfaceEffect.cpp">
      <Filter>소스 파일\Game\Object\GameObject\Effect</Filter>
    </ClCompile>
    <ClCompile Include="GlobalEffect.cpp">
      <Filter>소스 파일\Game\Object\GameObject\Effect</Filter>
    </ClCompile>
    <ClCompile Include="HighWarlock.cpp">
      <Filter>소스 파일\Game\Object\GameObject\Player\Skul\HighWarlock</Filter>
    </ClCompile>
    <ClCompile Include="PlayerSkulThumnailScript.cpp">
      <Filter>소스 파일\Game\Object\GameObject\Player\Script</Filter>
    </ClCompile>
    <ClCompile Include="SwapState.cpp">
      <Filter>소스 파일\Game\Object\GameObject\Player\PlayerState</Filter>
    </ClCompile>
    <ClCompile Include="LittleBoneSwapSkill.cpp">
      <Filter>소스 파일\Game\Object\GameObject\Player\Skul\LittleBone\Skill</Filter>
    </ClCompile>
    <ClCompile Include="HighWarlockSwapSkill.cpp">
      <Filter>소스 파일\Game\Object\GameObject\Player\Skul\HighWarlock\Skill</Filter>
    </ClCompile>
    <ClCompile Include="Interface.cpp">
      <Filter>소스 파일\Game\Object\Interface</Filter>
    </ClCompile>
    <ClCompile Include="AbyssMeteor.cpp">
      <Filter>소스 파일\Game\Object\GameObject\Player\Skul\HighWarlock\Skill\AbyssMeteor</Filter>
    </ClCompile>
    <ClCompile Include="AbyssMeteorSkill.cpp">
      <Filter>소스 파일\Game\Object\GameObject\Player\Skul\HighWarlock\Skill\AbyssMeteor</Filter>
    </ClCompile>
    <ClCompile Include="ChargingState.cpp">
      <Filter>소스 파일\Game\Object\GameObject\Player\PlayerState</Filter>
    </ClCompile>
    <ClCompile Include="HighWarlockChargingScript.cpp">
      <Filter>소스 파일\Game\Object\GameObject\Player\Skul\HighWarlock\Script</Filter>
    </ClCompile>
    <ClCompile Include="JuniorKnight.cpp">
      <Filter>소스 파일\Game\Object\GameObject\Monster</Filter>
    </ClCompile>
    <ClCompile Include="AttackState.cpp">
      <Filter>소스 파일\Game\Object\GameObject\Player\PlayerState</Filter>
    </ClCompile>
    <ClCompile Include="SkulAttack.cpp">
      <Filter>소스 파일\Game\Object\GameObject\Player\Skul</Filter>
    </ClCompile>
    <ClCompile Include="LittleBoneAttack.cpp">
      <Filter>소스 파일\Game\Object\GameObject\Player\Skul\LittleBone\Attack</Filter>
    </ClCompile>
    <ClCompile Include="AnimationGlobalEffect.cpp">
      <Filter>소스 파일\Game\Object\GameObject\Effect</Filter>
    </ClCompile>
    <ClCompile Include="Particle.cpp">
      <Filter>소스 파일\Game\Object\GameObject\Particle</Filter>
    </ClCompile>
    <ClCompile Include="MonsterHUD.cpp">
      <Filter>소스 파일\Game\Object\GameObject\Monster\MonsterHUD</Filter>
    </ClCompile>
    <ClCompile Include="MonsterHPHUD.cpp">
      <Filter>소스 파일\Game\Object\GameObject\Monster\MonsterHUD</Filter>
    </ClCompile>
    <ClCompile Include="MonsterHealthBarShowScript.cpp">
      <Filter>소스 파일\Game\Object\GameObject\Monster\Script</Filter>
    </ClCompile>
    <ClCompile Include="AnimationLocalEffect.cpp">
      <Filter>소스 파일\Game\Object\GameObject\Effect</Filter>
    </ClCompile>
    <ClCompile Include="HighWarlockAttack.cpp">
      <Filter>소스 파일\Game\Object\GameObject\Player\Skul\HighWarlock\Attack</Filter>
    </ClCompile>
    <ClCompile Include="HighWarlockBaseProjectile.cpp">
      <Filter>소스 파일\Game\Object\GameObject\Player\Skul\HighWarlock\Attack</Filter>
    </ClCompile>
    <ClCompile Include="PlayerHitHUD.cpp">
      <Filter>소스 파일\Game\Object\Interface\HUD\PlayerHUD</Filter>
    </ClCompile>
    <ClCompile Include="EventObject.cpp">
      <Filter>소스 파일\Game\Object\GameObject\EventObject</Filter>
    </ClCompile>
    <ClCompile Include="SceneChangeEventObject.cpp">
      <Filter>소스 파일\Game\Object\GameObject\EventObject</Filter>
    </ClCompile>
    <ClCompile Include="DungeonScene.cpp">
      <Filter>소스 파일\Game\Scene</Filter>
    </ClCompile>
    <ClCompile Include="ComponentObject.cpp">
      <Filter>소스 파일\Game\Object\GameObject\ComponentObject</Filter>
    </ClCompile>
    <ClCompile Include="Possession.cpp">
      <Filter>소스 파일\Game\Object\GameObject\Player\Possession</Filter>
    </ClCompile>
    <ClCompile Include="InventoryUI.cpp">
      <Filter>소스 파일\Game\Object\Interface\UI\InventoryUI</Filter>
    </ClCompile>
    <ClCompile Include="PlayerFunctionScript.cpp">
      <Filter>소스 파일\Game\Object\GameObject\Player\Script</Filter>
    </ClCompile>
    <ClCompile Include="MousePointerHUD.cpp">
      <Filter>소스 파일\Game\Object\Interface\HUD</Filter>
    </ClCompile>
    <ClCompile Include="EssenceInfoUI.cpp">
      <Filter>소스 파일\Game\Object\Interface\UI\InventoryUI\InfoUI</Filter>
    </ClCompile>
    <ClCompile Include="DarkAbilInfoUI.cpp">
      <Filter>소스 파일\Game\Object\Interface\UI\InventoryUI\InfoUI</Filter>
    </ClCompile>
    <ClCompile Include="InfoUI.cpp">
      <Filter>소스 파일\Game\Object\Interface\UI\InventoryUI\InfoUI</Filter>
    </ClCompile>
    <ClCompile Include="ItemInfoUI.cpp">
      <Filter>소스 파일\Game\Object\Interface\UI\InventoryUI\InfoUI</Filter>
    </ClCompile>
    <ClCompile Include="SkulInfoUI.cpp">
      <Filter>소스 파일\Game\Object\Interface\UI\InventoryUI\InfoUI</Filter>
    </ClCompile>
    <ClCompile Include="DetailInfoUI.cpp">
      <Filter>소스 파일\Game\Object\Interface\UI\InventoryUI\DetailUI</Filter>
    </ClCompile>
    <ClCompile Include="Item.cpp">
      <Filter>소스 파일\Game\Object\Item</Filter>
    </ClCompile>
    <ClCompile Include="EvilSwordKirion.cpp">
      <Filter>소스 파일\Game\Object\Item</Filter>
    </ClCompile>
    <ClCompile Include="ForbiddenSword.cpp">
      <Filter>소스 파일\Game\Object\Item</Filter>
    </ClCompile>
    <ClCompile Include="Engrave.cpp">
      <Filter>소스 파일\Game\Object\Item\Engrave</Filter>
    </ClCompile>
    <ClCompile Include="Arms.cpp">
      <Filter>소스 파일\Game\Object\Item\Engrave</Filter>
    </ClCompile>
    <ClCompile Include="Rapidity.cpp">
      <Filter>소스 파일\Game\Object\Item\Engrave</Filter>
    </ClCompile>
    <ClCompile Include="Essence.cpp">
      <Filter>소스 파일\Game\Object\Essence</Filter>
    </ClCompile>
    <ClCompile Include="Lyweasel.cpp">
      <Filter>소스 파일\Game\Object\Essence</Filter>
    </ClCompile>
    <ClCompile Include="Wisp.cpp">
      <Filter>소스 파일\Game\Object\Essence</Filter>
    </ClCompile>
    <ClCompile Include="ObjectFollowScript.cpp">
      <Filter>소스 파일\Game\Object\GameObject\Effect\Script</Filter>
    </ClCompile>
    <ClCompile Include="Background.cpp">
      <Filter>소스 파일\Game\Object\GameObject\Background</Filter>
    </ClCompile>
    <ClCompile Include="BGCameraScript.cpp">
      <Filter>소스 파일\Game\Object\Script</Filter>
    </ClCompile>
    <ClCompile Include="Stage.cpp">
      <Filter>소스 파일\Game\Scene\Stage</Filter>
    </ClCompile>
    <ClCompile Include="Dungeon.cpp">
      <Filter>소스 파일\Game\Scene\Stage\Dungeon</Filter>
    </ClCompile>
    <ClCompile Include="BlackLab.cpp">
      <Filter>소스 파일\Game\Scene\Stage</Filter>
    </ClCompile>
    <ClCompile Include="CitadelOfFate.cpp">
      <Filter>소스 파일\Game\Scene\Stage</Filter>
    </ClCompile>
    <ClCompile Include="BaseCamp.cpp">
      <Filter>소스 파일\Game\Scene\Stage\Dungeon</Filter>
    </ClCompile>
    <ClCompile Include="DungeonGate.cpp">
      <Filter>소스 파일\Game\Object\GameObject\DungeonObject</Filter>
    </ClCompile>
    <ClCompile Include="DungeonEvent.cpp">
      <Filter>소스 파일\Game\Scene\Stage\Dungeon\DungeonEvent</Filter>
    </ClCompile>
    <ClCompile Include="ConditionBlock.cpp">
      <Filter>소스 파일\Game\Scene\Stage\Dungeon\DungeonEvent\Condition</Filter>
    </ClCompile>
    <ClCompile Include="MonsterSpawnDungeonEvent.cpp">
      <Filter>소스 파일\Game\Scene\Stage\Dungeon\DungeonEvent</Filter>
    </ClCompile>
    <ClCompile Include="IfAllDeadMonsterInDungeon.cpp">
      <Filter>소스 파일\Game\Scene\Stage\Dungeon\DungeonEvent\Condition</Filter>
    </ClCompile>
    <ClCompile Include="Dungeon_Bone.cpp">
      <Filter>소스 파일\Game\Scene\Stage\Dungeon</Filter>
    </ClCompile>
    <ClCompile Include="IfAlwaysTrue.cpp">
      <Filter>소스 파일\Game\Scene\Stage\Dungeon\DungeonEvent\Condition</Filter>
    </ClCompile>
    <ClCompile Include="PlayerTeleportEvent.cpp">
      <Filter>소스 파일\Game\Scene\Stage\Dungeon\DungeonEvent</Filter>
    </ClCompile>
    <ClCompile Include="Ch3BaseCamp.cpp">
      <Filter>소스 파일\Game\Scene\Stage\Dungeon\Ch3</Filter>
    </ClCompile>
    <ClCompile Include="BaseCampOpeningHUD.cpp">
      <Filter>소스 파일\Game\Object\Interface\HUD\Dungeon</Filter>
    </ClCompile>
    <ClCompile Include="DarkMirror.cpp">
      <Filter>소스 파일\Game\Object\GameObject\DecoObject</Filter>
    </ClCompile>
    <ClCompile Include="DarkMirrorReflectionScript.cpp">
      <Filter>소스 파일\Game\Object\GameObject\DecoObject\Script</Filter>
    </ClCompile>
    <ClCompile Include="DecoObject.cpp">
      <Filter>소스 파일\Game\Object\GameObject\DecoObject</Filter>
    </ClCompile>
    <ClCompile Include="Ch3BeginTower.cpp">
      <Filter>소스 파일\Game\Object\GameObject\DecoObject</Filter>
    </ClCompile>
    <ClCompile Include="IfPlayerPosXExceedsN.cpp">
      <Filter>소스 파일\Game\Scene\Stage\Dungeon\DungeonEvent\Condition</Filter>
    </ClCompile>
    <ClCompile Include="DungeonGateOpenEvent.cpp">
      <Filter>소스 파일\Game\Scene\Stage\Dungeon\DungeonEvent</Filter>
    </ClCompile>
    <ClCompile Include="Dungeon_Item.cpp">
      <Filter>소스 파일\Game\Scene\Stage\Dungeon</Filter>
    </ClCompile>
    <ClCompile Include="KirionDashSlashEffect.cpp">
      <Filter>소스 파일\Game\Object\GameObject\Effect</Filter>
    </ClCompile>
    <ClCompile Include="LocalEffect.cpp">
      <Filter>소스 파일\Game\Object\GameObject\Effect</Filter>
    </ClCompile>
    <ClCompile Include="DungeonWall.cpp">
      <Filter>소스 파일\Game\Object\GameObject\DungeonObject</Filter>
    </ClCompile>
    <ClCompile Include="IfTakedMapReward.cpp">
      <Filter>소스 파일\Game\Scene\Stage\Dungeon\DungeonEvent\Condition</Filter>
    </ClCompile>
    <ClCompile Include="CreateMapRewardEvent.cpp">
      <Filter>소스 파일\Game\Scene\Stage\Dungeon\DungeonEvent</Filter>
    </ClCompile>
    <ClCompile Include="MapReward.cpp">
      <Filter>소스 파일\Game\Object\GameObject\MapReward</Filter>
    </ClCompile>
    <ClCompile Include="TreasureBox.cpp">
      <Filter>소스 파일\Game\Object\GameObject\MapReward</Filter>
    </ClCompile>
    <ClCompile Include="BoneReward.cpp">
      <Filter>소스 파일\Game\Object\GameObject\MapReward</Filter>
    </ClCompile>
    <ClCompile Include="LightObject.cpp">
      <Filter>소스 파일\Game\Object\GameObject\DecoObject\LightDecoObject</Filter>
    </ClCompile>
    <ClCompile Include="PlayerSecondSkillFrameHUD.cpp">
      <Filter>소스 파일\Game\Object\Interface\HUD\PlayerHUD</Filter>
    </ClCompile>
    <ClCompile Include="AnimationLocalEffectOtherLayer.cpp">
      <Filter>소스 파일\Game\Object\GameObject\Effect</Filter>
    </ClCompile>
    <ClCompile Include="AbyssOrbSkill.cpp">
      <Filter>소스 파일\Game\Object\GameObject\Player\Skul\HighWarlock\Skill\AbyssOrb</Filter>
    </ClCompile>
    <ClCompile Include="AbyssOrb.cpp">
      <Filter>소스 파일\Game\Object\GameObject\Player\Skul\HighWarlock\Skill\AbyssOrb</Filter>
    </ClCompile>
    <ClCompile Include="ErodedKnight.cpp">
      <Filter>소스 파일\Game\Object\GameObject\Monster\ErodedKnight</Filter>
    </ClCompile>
    <ClCompile Include="ErodedKnightDeadScript.cpp">
      <Filter>소스 파일\Game\Object\GameObject\Monster\ErodedKnight</Filter>
    </ClCompile>
    <ClCompile Include="ErodedHeavyInfantry.cpp">
      <Filter>소스 파일\Game\Object\GameObject\Monster\ErodedHeavyInfantry</Filter>
    </ClCompile>
    <ClCompile Include="ErodedEnt.cpp">
      <Filter>소스 파일\Game\Object\GameObject\Monster\ErodedEnt</Filter>
    </ClCompile>
    <ClCompile Include="ErodedHeavyInfantryTackleScript.cpp">
      <Filter>소스 파일\Game\Object\GameObject\Monster\ErodedHeavyInfantry</Filter>
    </ClCompile>
    <ClCompile Include="ErodedHeavyInfantryAttackScript.cpp">
      <Filter>소스 파일\Game\Object\GameObject\Monster\ErodedHeavyInfantry</Filter>
    </ClCompile>
    <ClCompile Include="ErodedHeavyInfantryDeadScript.cpp">
      <Filter>소스 파일\Game\Object\GameObject\Monster\ErodedHeavyInfantry</Filter>
    </ClCompile>
    <ClCompile Include="ErodedEntSkillScript.cpp">
      <Filter>소스 파일\Game\Object\GameObject\Monster\ErodedEnt</Filter>
    </ClCompile>
    <ClCompile Include="Alchemist.cpp">
      <Filter>소스 파일\Game\Object\GameObject\Monster\Alchemist</Filter>
    </ClCompile>
    <ClCompile Include="AlchemistFlaskThrowScript.cpp">
      <Filter>소스 파일\Game\Object\GameObject\Monster\Alchemist</Filter>
    </ClCompile>
    <ClCompile Include="MonsterProjectile.cpp">
      <Filter>소스 파일\Game\Object\GameObject\Monster\Projectile</Filter>
    </ClCompile>
    <ClCompile Include="AlchemistFlask.cpp">
      <Filter>소스 파일\Game\Object\GameObject\Monster\Alchemist</Filter>
    </ClCompile>
    <ClCompile Include="BackgroundMoveScript.cpp">
      <Filter>소스 파일\Game\Object\GameObject\Background</Filter>
    </ClCompile>
    <ClCompile Include="DropingRewards.cpp">
      <Filter>소스 파일\Game\Object\GameObject\DropingRewards</Filter>
    </ClCompile>
    <ClCompile Include="ErodedEntDeadScript.cpp">
      <Filter>소스 파일\Game\Object\GameObject\Monster\ErodedEnt</Filter>
    </ClCompile>
    <ClCompile Include="ErodedEntAttackScript.cpp">
      <Filter>소스 파일\Game\Object\GameObject\Monster\ErodedEnt</Filter>
    </ClCompile>
    <ClCompile Include="DropEssence.cpp">
      <Filter>소스 파일\Game\Object\DropObject</Filter>
    </ClCompile>
    <ClCompile Include="DropItem.cpp">
      <Filter>소스 파일\Game\Object\DropObject</Filter>
    </ClCompile>
    <ClCompile Include="DropSkul.cpp">
      <Filter>소스 파일\Game\Object\DropObject</Filter>
    </ClCompile>
  </ItemGroup>
</Project>