<?xml version="1.0" encoding="utf-8"?>
<Project ToolsVersion="4.0" xmlns="http://schemas.microsoft.com/developer/msbuild/2003">
  <ItemGroup>
    <ClInclude Include="Common.h">
      <Filter>Utils</Filter>
    </ClInclude>
    <ClInclude Include="Tool.h">
      <Filter>Tool</Filter>
    </ClInclude>
    <ClInclude Include="MapEditor.h">
      <Filter>Tool\MapEditorTool</Filter>
    </ClInclude>
    <ClInclude Include="AnimationEditor.h">
      <Filter>Tool\AnimationTool</Filter>
    </ClInclude>
    <ClInclude Include="ImGuiFileDialog.h">
      <Filter>Utils\ImGuiDialog</Filter>
    </ClInclude>
    <ClInclude Include="ImGuiFileDialogConfig.h">
      <Filter>Utils\ImGuiDialog</Filter>
    </ClInclude>
    <ClInclude Include="GuiBase.h">
      <Filter>Tool</Filter>
    </ClInclude>
    <ClInclude Include="imconfig.h">
      <Filter>Utils\ImGui</Filter>
    </ClInclude>
    <ClInclude Include="imgui.h">
      <Filter>Utils\ImGui</Filter>
    </ClInclude>
    <ClInclude Include="imgui_impl_dx11.h">
      <Filter>Utils\ImGui</Filter>
    </ClInclude>
    <ClInclude Include="imgui_impl_win32.h">
      <Filter>Utils\ImGui</Filter>
    </ClInclude>
    <ClInclude Include="imgui_internal.h">
      <Filter>Utils\ImGui</Filter>
    </ClInclude>
    <ClInclude Include="imstb_rectpack.h">
      <Filter>Utils\ImGui</Filter>
    </ClInclude>
    <ClInclude Include="imstb_textedit.h">
      <Filter>Utils\ImGui</Filter>
    </ClInclude>
    <ClInclude Include="imstb_truetype.h">
      <Filter>Utils\ImGui</Filter>
    </ClInclude>
  </ItemGroup>
  <ItemGroup>
    <ClCompile Include="Common.cpp">
      <Filter>Utils</Filter>
    </ClCompile>
    <ClCompile Include="Tool.cpp">
      <Filter>Tool</Filter>
    </ClCompile>
    <ClCompile Include="MapEditor.cpp">
      <Filter>Tool\MapEditorTool</Filter>
    </ClCompile>
    <ClCompile Include="AnimationEditor.cpp">
      <Filter>Tool\AnimationTool</Filter>
    </ClCompile>
    <ClCompile Include="ImGuiFileDialog.cpp">
      <Filter>Utils\ImGuiDialog</Filter>
    </ClCompile>
    <ClCompile Include="GuiBase.cpp">
      <Filter>Tool</Filter>
    </ClCompile>
    <ClCompile Include="imgui_widgets.cpp">
      <Filter>Utils\ImGui</Filter>
    </ClCompile>
    <ClCompile Include="imgui.cpp">
      <Filter>Utils\ImGui</Filter>
    </ClCompile>
    <ClCompile Include="imgui_demo.cpp">
      <Filter>Utils\ImGui</Filter>
    </ClCompile>
    <ClCompile Include="imgui_draw.cpp">
      <Filter>Utils\ImGui</Filter>
    </ClCompile>
    <ClCompile Include="imgui_impl_dx11.cpp">
      <Filter>Utils\ImGui</Filter>
    </ClCompile>
    <ClCompile Include="imgui_impl_win32.cpp">
      <Filter>Utils\ImGui</Filter>
    </ClCompile>
    <ClCompile Include="imgui_tables.cpp">
      <Filter>Utils\ImGui</Filter>
    </ClCompile>
  </ItemGroup>
  <ItemGroup>
    <Filter Include="Utils">
      <UniqueIdentifier>{695df4fa-442f-419e-9f88-c2d5ed1c9306}</UniqueIdentifier>
    </Filter>
    <Filter Include="Tool">
      <UniqueIdentifier>{f5a53d98-5568-40ec-95d6-d0ca20d71307}</UniqueIdentifier>
    </Filter>
    <Filter Include="Utils\ImGui">
      <UniqueIdentifier>{8c590a89-bcca-4dfe-bf88-fef0f6fe6079}</UniqueIdentifier>
    </Filter>
    <Filter Include="Tool\AnimationTool">
      <UniqueIdentifier>{1705a37e-2f7d-4f9d-9b6e-7ddbd83ac8bd}</UniqueIdentifier>
    </Filter>
    <Filter Include="Utils\ImGuiDialog">
      <UniqueIdentifier>{110d45bf-b0f3-4756-a9a7-885f9591eb75}</UniqueIdentifier>
    </Filter>
    <Filter Include="Tool\MapEditorTool">
      <UniqueIdentifier>{f12ad988-a17c-4f01-a9d2-426ba5ab1edf}</UniqueIdentifier>
    </Filter>
  </ItemGroup>
</Project>